// !$*UTF8*$!
{
	archiveVersion = 1;
	classes = {
	};
	objectVersion = 51;
	objects = {

/* Begin PBXBuildFile section */
		2A8CE377741DA3373F935C83 /* Pods_BetterLife2.framework in Frameworks */ = {isa = PBXBuildFile; fileRef = 313706DEC9AFBBA5ADA298C4 /* Pods_BetterLife2.framework */; };
		4FCB508E3C74FF3E9263F5B5 /* Pods_BetterLife2_BetterLife2UITests.framework in Frameworks */ = {isa = PBXBuildFile; fileRef = C158FF0C5F28930D91B7886A /* Pods_BetterLife2_BetterLife2UITests.framework */; };
		9E0A1C9E23F4134F000EE8EC /* AppDelegate.swift in Sources */ = {isa = PBXBuildFile; fileRef = 9E0A1C9D23F4134F000EE8EC /* AppDelegate.swift */; };
		9E0A1CA823F4134F000EE8EC /* BetterLife2.xcdatamodeld in Sources */ = {isa = PBXBuildFile; fileRef = 9E0A1CA623F4134F000EE8EC /* BetterLife2.xcdatamodeld */; };
		9E0A1CAA23F41350000EE8EC /* Assets.xcassets in Resources */ = {isa = PBXBuildFile; fileRef = 9E0A1CA923F41350000EE8EC /* Assets.xcassets */; };
		9E0A1CAD23F41350000EE8EC /* LaunchScreen.storyboard in Resources */ = {isa = PBXBuildFile; fileRef = 9E0A1CAB23F41350000EE8EC /* LaunchScreen.storyboard */; };
		9E0A1CB823F41350000EE8EC /* BetterLife2Tests.swift in Sources */ = {isa = PBXBuildFile; fileRef = 9E0A1CB723F41350000EE8EC /* BetterLife2Tests.swift */; };
		9E0A1CC323F41350000EE8EC /* BetterLife2UITests.swift in Sources */ = {isa = PBXBuildFile; fileRef = 9E0A1CC223F41350000EE8EC /* BetterLife2UITests.swift */; };
		9E0A1CD123F41562000EE8EC /* MainTabBarViewController.swift in Sources */ = {isa = PBXBuildFile; fileRef = 9E0A1CD023F41562000EE8EC /* MainTabBarViewController.swift */; };
		9E0A1CD823F41AC0000EE8EC /* QLLifeScreen.storyboard in Resources */ = {isa = PBXBuildFile; fileRef = 9E0A1CD723F41AC0000EE8EC /* QLLifeScreen.storyboard */; };
		9E0A1CDA23F41AE2000EE8EC /* QLListAssembler.swift in Sources */ = {isa = PBXBuildFile; fileRef = 9E0A1CD923F41AE2000EE8EC /* QLListAssembler.swift */; };
		9E0A1CDC23F41C81000EE8EC /* QLListPresenter.swift in Sources */ = {isa = PBXBuildFile; fileRef = 9E0A1CDB23F41C81000EE8EC /* QLListPresenter.swift */; };
		9E0A1CDE23F41D48000EE8EC /* QLListRouter.swift in Sources */ = {isa = PBXBuildFile; fileRef = 9E0A1CDD23F41D48000EE8EC /* QLListRouter.swift */; };
		9E0A1CE023F4249C000EE8EC /* QLLifeCell.swift in Sources */ = {isa = PBXBuildFile; fileRef = 9E0A1CDF23F4249C000EE8EC /* QLLifeCell.swift */; };
		9E0A1CE223F42513000EE8EC /* QLItem.swift in Sources */ = {isa = PBXBuildFile; fileRef = 9E0A1CE123F42513000EE8EC /* QLItem.swift */; };
		9E0A1CE423F425CB000EE8EC /* QLLifeCategory.swift in Sources */ = {isa = PBXBuildFile; fileRef = 9E0A1CE323F425CB000EE8EC /* QLLifeCategory.swift */; };
		9E0A1CE823F428A4000EE8EC /* QLCreateViewController.swift in Sources */ = {isa = PBXBuildFile; fileRef = 9E0A1CE723F428A4000EE8EC /* QLCreateViewController.swift */; };
		9E0A1CEA23F42959000EE8EC /* QLCreateScreen.storyboard in Resources */ = {isa = PBXBuildFile; fileRef = 9E0A1CE923F42959000EE8EC /* QLCreateScreen.storyboard */; };
		9E0A1CEC23F42991000EE8EC /* QLCreateAssembler.swift in Sources */ = {isa = PBXBuildFile; fileRef = 9E0A1CEB23F42991000EE8EC /* QLCreateAssembler.swift */; };
		9E0A1CF123FAC553000EE8EC /* QLCreatePresenter.swift in Sources */ = {isa = PBXBuildFile; fileRef = 9E0A1CF023FAC553000EE8EC /* QLCreatePresenter.swift */; };
		9E0A1CF323FAC55F000EE8EC /* QLCreateRouter.swift in Sources */ = {isa = PBXBuildFile; fileRef = 9E0A1CF223FAC55F000EE8EC /* QLCreateRouter.swift */; };
		9E0A1CF823FAD298000EE8EC /* FactorsListViewController.swift in Sources */ = {isa = PBXBuildFile; fileRef = 9E0A1CF723FAD298000EE8EC /* FactorsListViewController.swift */; };
		9E0A1CFA23FAD2AB000EE8EC /* FactorsListScreen.storyboard in Resources */ = {isa = PBXBuildFile; fileRef = 9E0A1CF923FAD2AB000EE8EC /* FactorsListScreen.storyboard */; };
		9E0A1CFC23FAD2DA000EE8EC /* FactorsListPresenter.swift in Sources */ = {isa = PBXBuildFile; fileRef = 9E0A1CFB23FAD2DA000EE8EC /* FactorsListPresenter.swift */; };
		9E0A1CFE23FAD389000EE8EC /* FactorsListRouter.swift in Sources */ = {isa = PBXBuildFile; fileRef = 9E0A1CFD23FAD389000EE8EC /* FactorsListRouter.swift */; };
		9E0A1D0023FAD420000EE8EC /* FactorsListAssembler.swift in Sources */ = {isa = PBXBuildFile; fileRef = 9E0A1CFF23FAD420000EE8EC /* FactorsListAssembler.swift */; };
		9E0A1D0423FAE4A8000EE8EC /* PlaceToVisitListViewController.swift in Sources */ = {isa = PBXBuildFile; fileRef = 9E0A1D0323FAE4A8000EE8EC /* PlaceToVisitListViewController.swift */; };
		9E0A1D0623FAE4B0000EE8EC /* PlaceToVisitListScreen.storyboard in Resources */ = {isa = PBXBuildFile; fileRef = 9E0A1D0523FAE4B0000EE8EC /* PlaceToVisitListScreen.storyboard */; };
		9E0A1D0923FAE508000EE8EC /* PlaceToVisitListPresenter.swift in Sources */ = {isa = PBXBuildFile; fileRef = 9E0A1D0823FAE508000EE8EC /* PlaceToVisitListPresenter.swift */; };
		9E0A1D0B23FAE515000EE8EC /* PlaceToVisitListRouter.swift in Sources */ = {isa = PBXBuildFile; fileRef = 9E0A1D0A23FAE515000EE8EC /* PlaceToVisitListRouter.swift */; };
		9E0A1D0D23FAEA50000EE8EC /* PlaceToVisitListAssembler.swift in Sources */ = {isa = PBXBuildFile; fileRef = 9E0A1D0C23FAEA50000EE8EC /* PlaceToVisitListAssembler.swift */; };
		9E0A9B722440BE6400CA9C3E /* NotesViewController.swift in Sources */ = {isa = PBXBuildFile; fileRef = 9E0A9B712440BE6400CA9C3E /* NotesViewController.swift */; };
		9E0A9B742440BF7500CA9C3E /* NotesPresenter.swift in Sources */ = {isa = PBXBuildFile; fileRef = 9E0A9B732440BF7500CA9C3E /* NotesPresenter.swift */; };
		9E0A9B762440BFE100CA9C3E /* NotesAssembler.swift in Sources */ = {isa = PBXBuildFile; fileRef = 9E0A9B752440BFE100CA9C3E /* NotesAssembler.swift */; };
		9E0ECAED23FEE35700801AC2 /* QLListViewController.swift in Sources */ = {isa = PBXBuildFile; fileRef = 9E0ECAEC23FEE35700801AC2 /* QLListViewController.swift */; };
		9E2D571B244AF7C5007F69C7 /* NoQLCell.swift in Sources */ = {isa = PBXBuildFile; fileRef = 9E2D571A244AF7C5007F69C7 /* NoQLCell.swift */; };
		9E2D571D244AFAC3007F69C7 /* UIKitExtension.swift in Sources */ = {isa = PBXBuildFile; fileRef = 9E2D571C244AFAC3007F69C7 /* UIKitExtension.swift */; };
		9E2D571F244B077F007F69C7 /* AddTargetCell.xib in Resources */ = {isa = PBXBuildFile; fileRef = 9E2D571E244B077F007F69C7 /* AddTargetCell.xib */; };
		9E335310240FCF6A00166432 /* Main.storyboard in Resources */ = {isa = PBXBuildFile; fileRef = 9E33530F240FCF6A00166432 /* Main.storyboard */; };
		9E575610243C917B0066D11C /* WeeksListViewController.swift in Sources */ = {isa = PBXBuildFile; fileRef = 9E57560F243C917B0066D11C /* WeeksListViewController.swift */; };
		9E575613243C91EF0066D11C /* WeeksListPresenter.swift in Sources */ = {isa = PBXBuildFile; fileRef = 9E575612243C91EF0066D11C /* WeeksListPresenter.swift */; };
		9E575615243C92B80066D11C /* WeeksListRouter.swift in Sources */ = {isa = PBXBuildFile; fileRef = 9E575614243C92B80066D11C /* WeeksListRouter.swift */; };
		9E575617243C93470066D11C /* WeeksListAssembler.swift in Sources */ = {isa = PBXBuildFile; fileRef = 9E575616243C93470066D11C /* WeeksListAssembler.swift */; };
		9E575619243C94030066D11C /* WeeksList.storyboard in Resources */ = {isa = PBXBuildFile; fileRef = 9E575618243C94030066D11C /* WeeksList.storyboard */; };
		9E57561F243E06050066D11C /* Notes.storyboard in Resources */ = {isa = PBXBuildFile; fileRef = 9E57561E243E06050066D11C /* Notes.storyboard */; };
		9E5CABCE240BC8F600D9E204 /* PersonItem.swift in Sources */ = {isa = PBXBuildFile; fileRef = 9E5CABCD240BC8F600D9E204 /* PersonItem.swift */; };
		9E5CABD2240BCB8300D9E204 /* UserDefaultsWrapper.swift in Sources */ = {isa = PBXBuildFile; fileRef = 9E5CABD1240BCB8300D9E204 /* UserDefaultsWrapper.swift */; };
		9E5CABD4240BCDB700D9E204 /* CoreDataWrapper.swift in Sources */ = {isa = PBXBuildFile; fileRef = 9E5CABD3240BCDB700D9E204 /* CoreDataWrapper.swift */; };
		9E5CABD6240BD73500D9E204 /* ItemsType.swift in Sources */ = {isa = PBXBuildFile; fileRef = 9E5CABD5240BD73500D9E204 /* ItemsType.swift */; };
		9E711D572451FED600153B7C /* NoFactorsCell.swift in Sources */ = {isa = PBXBuildFile; fileRef = 9E711D562451FED600153B7C /* NoFactorsCell.swift */; };
		9E711D5C2452025900153B7C /* WeeksTotal.storyboard in Resources */ = {isa = PBXBuildFile; fileRef = 9E711D5B2452025900153B7C /* WeeksTotal.storyboard */; };
		9E711D5E245202CB00153B7C /* QLLifeCell.xib in Resources */ = {isa = PBXBuildFile; fileRef = 9E711D5D245202CB00153B7C /* QLLifeCell.xib */; };
		9E711D602452032E00153B7C /* WeeksTotalViewController.swift in Sources */ = {isa = PBXBuildFile; fileRef = 9E711D5F2452032E00153B7C /* WeeksTotalViewController.swift */; };
		9E711D622452033D00153B7C /* WeeksTotalRouter.swift in Sources */ = {isa = PBXBuildFile; fileRef = 9E711D612452033D00153B7C /* WeeksTotalRouter.swift */; };
		9E711D642452036300153B7C /* WeeksTotalPresenter.swift in Sources */ = {isa = PBXBuildFile; fileRef = 9E711D632452036300153B7C /* WeeksTotalPresenter.swift */; };
		9E711D66245203C100153B7C /* WeeksTotalAssembler.swift in Sources */ = {isa = PBXBuildFile; fileRef = 9E711D65245203C100153B7C /* WeeksTotalAssembler.swift */; };
		9E711D682452057800153B7C /* HotCode.swift in Sources */ = {isa = PBXBuildFile; fileRef = 9E711D672452057800153B7C /* HotCode.swift */; };
		9E711D6A2452074900153B7C /* WeeksListCell.swift in Sources */ = {isa = PBXBuildFile; fileRef = 9E711D692452074900153B7C /* WeeksListCell.swift */; };
		9E711D6C24520BC100153B7C /* MarkThisWeekCell.swift in Sources */ = {isa = PBXBuildFile; fileRef = 9E711D6B24520BC100153B7C /* MarkThisWeekCell.swift */; };
		9E711D6E24521A1700153B7C /* WeekItem.swift in Sources */ = {isa = PBXBuildFile; fileRef = 9E711D6D24521A1700153B7C /* WeekItem.swift */; };
		9E7F1E4F2433C45F0084F244 /* TargetsListUIMapper.swift in Sources */ = {isa = PBXBuildFile; fileRef = 9E7F1E4E2433C45F0084F244 /* TargetsListUIMapper.swift */; };
		9E84C2F6244CB948005E9581 /* MainScreenViewController.swift in Sources */ = {isa = PBXBuildFile; fileRef = 9E84C2F5244CB948005E9581 /* MainScreenViewController.swift */; };
		9E84C2F9244CB964005E9581 /* MainScreenPresenter.swift in Sources */ = {isa = PBXBuildFile; fileRef = 9E84C2F8244CB964005E9581 /* MainScreenPresenter.swift */; };
		9E84C2FB244CB980005E9581 /* MainScreenRouter.swift in Sources */ = {isa = PBXBuildFile; fileRef = 9E84C2FA244CB980005E9581 /* MainScreenRouter.swift */; };
		9E84C2FD244CBBAE005E9581 /* MainScreenAssembler.swift in Sources */ = {isa = PBXBuildFile; fileRef = 9E84C2FC244CBBAE005E9581 /* MainScreenAssembler.swift */; };
		9E84C2FF244CC8C3005E9581 /* MainScreen.storyboard in Resources */ = {isa = PBXBuildFile; fileRef = 9E84C2FE244CC8C3005E9581 /* MainScreen.storyboard */; };
		9E92CDA82433AF690049C675 /* TargetsList.storyboard in Resources */ = {isa = PBXBuildFile; fileRef = 9E92CDA72433AF690049C675 /* TargetsList.storyboard */; };
		9E92CDAA2433AF850049C675 /* TargetsListViewController.swift in Sources */ = {isa = PBXBuildFile; fileRef = 9E92CDA92433AF850049C675 /* TargetsListViewController.swift */; };
		9E92CDAC2433B8070049C675 /* AddTargetCell.swift in Sources */ = {isa = PBXBuildFile; fileRef = 9E92CDAB2433B8070049C675 /* AddTargetCell.swift */; };
		9E92CDAE2433B8220049C675 /* TargetItem.swift in Sources */ = {isa = PBXBuildFile; fileRef = 9E92CDAD2433B8220049C675 /* TargetItem.swift */; };
		9E92CDB02433B9240049C675 /* TargetsListPresenter.swift in Sources */ = {isa = PBXBuildFile; fileRef = 9E92CDAF2433B9240049C675 /* TargetsListPresenter.swift */; };
		9E92CDB42433B9430049C675 /* TargetsListRouter.swift in Sources */ = {isa = PBXBuildFile; fileRef = 9E92CDB32433B9430049C675 /* TargetsListRouter.swift */; };
		9EB26ED3240AEDE6002DD6F1 /* PeopleToRememberViewController.swift in Sources */ = {isa = PBXBuildFile; fileRef = 9EB26ED2240AEDE6002DD6F1 /* PeopleToRememberViewController.swift */; };
		9EB26ED5240AEDF9002DD6F1 /* PeopleToRemember.storyboard in Resources */ = {isa = PBXBuildFile; fileRef = 9EB26ED4240AEDF9002DD6F1 /* PeopleToRemember.storyboard */; };
		9EB26ED7240AEE9B002DD6F1 /* PeopleToRememberPresenter.swift in Sources */ = {isa = PBXBuildFile; fileRef = 9EB26ED6240AEE9B002DD6F1 /* PeopleToRememberPresenter.swift */; };
		9EB26ED9240AEEA4002DD6F1 /* PeopleToRememberInteractor.swift in Sources */ = {isa = PBXBuildFile; fileRef = 9EB26ED8240AEEA4002DD6F1 /* PeopleToRememberInteractor.swift */; };
		9EB26EDB240AEEAC002DD6F1 /* PeopleToRememberRouter.swift in Sources */ = {isa = PBXBuildFile; fileRef = 9EB26EDA240AEEAC002DD6F1 /* PeopleToRememberRouter.swift */; };
		9EB26EDD240AF027002DD6F1 /* PeopleToRememberAssembler.swift in Sources */ = {isa = PBXBuildFile; fileRef = 9EB26EDC240AF027002DD6F1 /* PeopleToRememberAssembler.swift */; };
		9EB26EDF240AF3C4002DD6F1 /* CityItem.swift in Sources */ = {isa = PBXBuildFile; fileRef = 9EB26EDE240AF3C4002DD6F1 /* CityItem.swift */; };
		9EB26EE1240AF698002DD6F1 /* ActionType.swift in Sources */ = {isa = PBXBuildFile; fileRef = 9EB26EE0240AF698002DD6F1 /* ActionType.swift */; };
		9EB52C1A24346F3A0077B23D /* DateType.swift in Sources */ = {isa = PBXBuildFile; fileRef = 9EB52C1924346F3A0077B23D /* DateType.swift */; };
		9EB52C1C24346FA70077B23D /* TargetsListAssembler.swift in Sources */ = {isa = PBXBuildFile; fileRef = 9EB52C1B24346FA70077B23D /* TargetsListAssembler.swift */; };
		9EB52C1E243472190077B23D /* DateItem.swift in Sources */ = {isa = PBXBuildFile; fileRef = 9EB52C1D243472190077B23D /* DateItem.swift */; };
		9EB52C202434773F0077B23D /* DateItemGenerator.swift in Sources */ = {isa = PBXBuildFile; fileRef = 9EB52C1F2434773F0077B23D /* DateItemGenerator.swift */; };
		9EB52C22243493080077B23D /* FoundationExtension.swift in Sources */ = {isa = PBXBuildFile; fileRef = 9EB52C21243493080077B23D /* FoundationExtension.swift */; };
		9EC1DBC8247C3C59000CD7C0 /* InstructionViewController.swift in Sources */ = {isa = PBXBuildFile; fileRef = 9EC1DBC7247C3C59000CD7C0 /* InstructionViewController.swift */; };
		9EC1DBCA247C3C6C000CD7C0 /* InstructionScreen.storyboard in Resources */ = {isa = PBXBuildFile; fileRef = 9EC1DBC9247C3C6C000CD7C0 /* InstructionScreen.storyboard */; };
		9EC1DBCC247ED192000CD7C0 /* InstructionLastViewController.swift in Sources */ = {isa = PBXBuildFile; fileRef = 9EC1DBCB247ED192000CD7C0 /* InstructionLastViewController.swift */; };
		9EC1DBCE247ED1D0000CD7C0 /* InstructionAssembler.swift in Sources */ = {isa = PBXBuildFile; fileRef = 9EC1DBCD247ED1D0000CD7C0 /* InstructionAssembler.swift */; };
		9EEE71F8241BB551007BA5AE /* EmotionType.swift in Sources */ = {isa = PBXBuildFile; fileRef = 9EEE71F7241BB551007BA5AE /* EmotionType.swift */; };
		9EEE71FA241BB5AF007BA5AE /* PositionType.swift in Sources */ = {isa = PBXBuildFile; fileRef = 9EEE71F9241BB5AF007BA5AE /* PositionType.swift */; };
		9EEE71FC241BC14E007BA5AE /* FactorItem.swift in Sources */ = {isa = PBXBuildFile; fileRef = 9EEE71FB241BC14E007BA5AE /* FactorItem.swift */; };
		9EEE7200241CE48D007BA5AE /* SWOTCreateViewController.swift in Sources */ = {isa = PBXBuildFile; fileRef = 9EEE71FF241CE48D007BA5AE /* SWOTCreateViewController.swift */; };
		9EEE7202241CE499007BA5AE /* SWOTCreateScreen.storyboard in Resources */ = {isa = PBXBuildFile; fileRef = 9EEE7201241CE499007BA5AE /* SWOTCreateScreen.storyboard */; };
		9EEE7204241CE7CF007BA5AE /* SWOTHeaderCell.swift in Sources */ = {isa = PBXBuildFile; fileRef = 9EEE7203241CE7CF007BA5AE /* SWOTHeaderCell.swift */; };
		9EEE7206241CE7E6007BA5AE /* SWOTTextFieldCell.swift in Sources */ = {isa = PBXBuildFile; fileRef = 9EEE7205241CE7E6007BA5AE /* SWOTTextFieldCell.swift */; };
		9EEE7208241CE7F4007BA5AE /* SWOTCreateButtonCell.swift in Sources */ = {isa = PBXBuildFile; fileRef = 9EEE7207241CE7F4007BA5AE /* SWOTCreateButtonCell.swift */; };
		9EEE720A241CE89D007BA5AE /* SWOTStepperCell.swift in Sources */ = {isa = PBXBuildFile; fileRef = 9EEE7209241CE89D007BA5AE /* SWOTStepperCell.swift */; };
		9EEE720E241CE8CF007BA5AE /* HeaderItem.swift in Sources */ = {isa = PBXBuildFile; fileRef = 9EEE720D241CE8CF007BA5AE /* HeaderItem.swift */; };
		9EEE7210241CE8EF007BA5AE /* TextFieldItem.swift in Sources */ = {isa = PBXBuildFile; fileRef = 9EEE720F241CE8EF007BA5AE /* TextFieldItem.swift */; };
		9EEE7212241CE9EC007BA5AE /* ComponentCell.swift in Sources */ = {isa = PBXBuildFile; fileRef = 9EEE7211241CE9EC007BA5AE /* ComponentCell.swift */; };
		9EEE7218241D08AD007BA5AE /* SWOTUIMapper.swift in Sources */ = {isa = PBXBuildFile; fileRef = 9EEE7217241D08AD007BA5AE /* SWOTUIMapper.swift */; };
		9EEE721A241D0919007BA5AE /* BaseUIMapper.swift in Sources */ = {isa = PBXBuildFile; fileRef = 9EEE7219241D0919007BA5AE /* BaseUIMapper.swift */; };
		9EEE721C241D09FC007BA5AE /* SWOTCreatePresenter.swift in Sources */ = {isa = PBXBuildFile; fileRef = 9EEE721B241D09FC007BA5AE /* SWOTCreatePresenter.swift */; };
		9EEE721E241D0A0A007BA5AE /* SWOTCreateRouter.swift in Sources */ = {isa = PBXBuildFile; fileRef = 9EEE721D241D0A0A007BA5AE /* SWOTCreateRouter.swift */; };
		9EEE7220241D0ED3007BA5AE /* SWOTCreateAssembler.swift in Sources */ = {isa = PBXBuildFile; fileRef = 9EEE721F241D0ED3007BA5AE /* SWOTCreateAssembler.swift */; };
		9EF90CD6245983F500260A45 /* WeeksStatistics.storyboard in Resources */ = {isa = PBXBuildFile; fileRef = 9EF90CD5245983F500260A45 /* WeeksStatistics.storyboard */; };
		9EF90CD82459840B00260A45 /* WeeksStatisticsViewController.swift in Sources */ = {isa = PBXBuildFile; fileRef = 9EF90CD72459840B00260A45 /* WeeksStatisticsViewController.swift */; };
		9EF90CDB245985A500260A45 /* WeeksStatisticsPresenter.swift in Sources */ = {isa = PBXBuildFile; fileRef = 9EF90CDA245985A500260A45 /* WeeksStatisticsPresenter.swift */; };
		9EF90CDD245985AB00260A45 /* WeeksStatisticsRouter.swift in Sources */ = {isa = PBXBuildFile; fileRef = 9EF90CDC245985AB00260A45 /* WeeksStatisticsRouter.swift */; };
		9EF90CDF2459861600260A45 /* WeeksStatisticsAssembler.swift in Sources */ = {isa = PBXBuildFile; fileRef = 9EF90CDE2459861600260A45 /* WeeksStatisticsAssembler.swift */; };
		9EF90CE4245AE50E00260A45 /* DrawViewController.swift in Sources */ = {isa = PBXBuildFile; fileRef = 9EF90CE3245AE50E00260A45 /* DrawViewController.swift */; };
		9EF90CE6245AE52000260A45 /* DrawScreen.storyboard in Resources */ = {isa = PBXBuildFile; fileRef = 9EF90CE5245AE52000260A45 /* DrawScreen.storyboard */; };
		9EF90CE8245AFB0E00260A45 /* SWOTItem.swift in Sources */ = {isa = PBXBuildFile; fileRef = 9EF90CE7245AFB0E00260A45 /* SWOTItem.swift */; };
		9EF90CEA245AFE2B00260A45 /* SWOTCharacteristic.swift in Sources */ = {isa = PBXBuildFile; fileRef = 9EF90CE9245AFE2B00260A45 /* SWOTCharacteristic.swift */; };
		9EF90CEC245B39CD00260A45 /* Defaults.swift in Sources */ = {isa = PBXBuildFile; fileRef = 9EF90CEB245B39CD00260A45 /* Defaults.swift */; };
		9EF90CF1245B404500260A45 /* SWOTList.storyboard in Resources */ = {isa = PBXBuildFile; fileRef = 9EF90CF0245B404500260A45 /* SWOTList.storyboard */; };
		9EF90CF3245B404E00260A45 /* SWOTListViewController.swift in Sources */ = {isa = PBXBuildFile; fileRef = 9EF90CF2245B404E00260A45 /* SWOTListViewController.swift */; };
		9EF90CF5245B438B00260A45 /* SWOTListPresenter.swift in Sources */ = {isa = PBXBuildFile; fileRef = 9EF90CF4245B438B00260A45 /* SWOTListPresenter.swift */; };
		9EF90CF7245B43A700260A45 /* SWOTListRouter.swift in Sources */ = {isa = PBXBuildFile; fileRef = 9EF90CF6245B43A700260A45 /* SWOTListRouter.swift */; };
		9EF90CF9245B43C700260A45 /* SWOTListAssembler.swift in Sources */ = {isa = PBXBuildFile; fileRef = 9EF90CF8245B43C700260A45 /* SWOTListAssembler.swift */; };
		9EF90CFB245B444F00260A45 /* SWOTListCell.swift in Sources */ = {isa = PBXBuildFile; fileRef = 9EF90CFA245B444F00260A45 /* SWOTListCell.swift */; };
		9EF90CFD245B449A00260A45 /* SWOTCharacteristicCell.swift in Sources */ = {isa = PBXBuildFile; fileRef = 9EF90CFC245B449A00260A45 /* SWOTCharacteristicCell.swift */; };
		A94BEE4C69930FA3CE456864 /* Pods_BetterLife2Tests.framework in Frameworks */ = {isa = PBXBuildFile; fileRef = 7F1E067F3BC67E46A2B9F82F /* Pods_BetterLife2Tests.framework */; };
/* End PBXBuildFile section */

/* Begin PBXContainerItemProxy section */
		9E0A1CB423F41350000EE8EC /* PBXContainerItemProxy */ = {
			isa = PBXContainerItemProxy;
			containerPortal = 9E0A1C9223F4134F000EE8EC /* Project object */;
			proxyType = 1;
			remoteGlobalIDString = 9E0A1C9923F4134F000EE8EC;
			remoteInfo = BetterLife2;
		};
		9E0A1CBF23F41350000EE8EC /* PBXContainerItemProxy */ = {
			isa = PBXContainerItemProxy;
			containerPortal = 9E0A1C9223F4134F000EE8EC /* Project object */;
			proxyType = 1;
			remoteGlobalIDString = 9E0A1C9923F4134F000EE8EC;
			remoteInfo = BetterLife2;
		};
/* End PBXContainerItemProxy section */

/* Begin PBXFileReference section */
		313706DEC9AFBBA5ADA298C4 /* Pods_BetterLife2.framework */ = {isa = PBXFileReference; explicitFileType = wrapper.framework; includeInIndex = 0; path = Pods_BetterLife2.framework; sourceTree = BUILT_PRODUCTS_DIR; };
		7F1E067F3BC67E46A2B9F82F /* Pods_BetterLife2Tests.framework */ = {isa = PBXFileReference; explicitFileType = wrapper.framework; includeInIndex = 0; path = Pods_BetterLife2Tests.framework; sourceTree = BUILT_PRODUCTS_DIR; };
		8F34FF0EA7458E4CD58B49D3 /* Pods-BetterLife2-BetterLife2UITests.release.xcconfig */ = {isa = PBXFileReference; includeInIndex = 1; lastKnownFileType = text.xcconfig; name = "Pods-BetterLife2-BetterLife2UITests.release.xcconfig"; path = "Target Support Files/Pods-BetterLife2-BetterLife2UITests/Pods-BetterLife2-BetterLife2UITests.release.xcconfig"; sourceTree = "<group>"; };
		9E0A1C9A23F4134F000EE8EC /* BetterLife2.app */ = {isa = PBXFileReference; explicitFileType = wrapper.application; includeInIndex = 0; path = BetterLife2.app; sourceTree = BUILT_PRODUCTS_DIR; };
		9E0A1C9D23F4134F000EE8EC /* AppDelegate.swift */ = {isa = PBXFileReference; lastKnownFileType = sourcecode.swift; path = AppDelegate.swift; sourceTree = "<group>"; };
		9E0A1CA723F4134F000EE8EC /* BetterLife2.xcdatamodel */ = {isa = PBXFileReference; lastKnownFileType = wrapper.xcdatamodel; path = BetterLife2.xcdatamodel; sourceTree = "<group>"; };
		9E0A1CA923F41350000EE8EC /* Assets.xcassets */ = {isa = PBXFileReference; lastKnownFileType = folder.assetcatalog; path = Assets.xcassets; sourceTree = "<group>"; };
		9E0A1CAC23F41350000EE8EC /* Base */ = {isa = PBXFileReference; lastKnownFileType = file.storyboard; name = Base; path = Base.lproj/LaunchScreen.storyboard; sourceTree = "<group>"; };
		9E0A1CAE23F41350000EE8EC /* Info.plist */ = {isa = PBXFileReference; lastKnownFileType = text.plist.xml; path = Info.plist; sourceTree = "<group>"; };
		9E0A1CB323F41350000EE8EC /* BetterLife2Tests.xctest */ = {isa = PBXFileReference; explicitFileType = wrapper.cfbundle; includeInIndex = 0; path = BetterLife2Tests.xctest; sourceTree = BUILT_PRODUCTS_DIR; };
		9E0A1CB723F41350000EE8EC /* BetterLife2Tests.swift */ = {isa = PBXFileReference; lastKnownFileType = sourcecode.swift; path = BetterLife2Tests.swift; sourceTree = "<group>"; };
		9E0A1CB923F41350000EE8EC /* Info.plist */ = {isa = PBXFileReference; lastKnownFileType = text.plist.xml; path = Info.plist; sourceTree = "<group>"; };
		9E0A1CBE23F41350000EE8EC /* BetterLife2UITests.xctest */ = {isa = PBXFileReference; explicitFileType = wrapper.cfbundle; includeInIndex = 0; path = BetterLife2UITests.xctest; sourceTree = BUILT_PRODUCTS_DIR; };
		9E0A1CC223F41350000EE8EC /* BetterLife2UITests.swift */ = {isa = PBXFileReference; lastKnownFileType = sourcecode.swift; path = BetterLife2UITests.swift; sourceTree = "<group>"; };
		9E0A1CC423F41350000EE8EC /* Info.plist */ = {isa = PBXFileReference; lastKnownFileType = text.plist.xml; path = Info.plist; sourceTree = "<group>"; };
		9E0A1CD023F41562000EE8EC /* MainTabBarViewController.swift */ = {isa = PBXFileReference; lastKnownFileType = sourcecode.swift; path = MainTabBarViewController.swift; sourceTree = "<group>"; };
		9E0A1CD723F41AC0000EE8EC /* QLLifeScreen.storyboard */ = {isa = PBXFileReference; lastKnownFileType = file.storyboard; path = QLLifeScreen.storyboard; sourceTree = "<group>"; };
		9E0A1CD923F41AE2000EE8EC /* QLListAssembler.swift */ = {isa = PBXFileReference; lastKnownFileType = sourcecode.swift; path = QLListAssembler.swift; sourceTree = "<group>"; };
		9E0A1CDB23F41C81000EE8EC /* QLListPresenter.swift */ = {isa = PBXFileReference; lastKnownFileType = sourcecode.swift; path = QLListPresenter.swift; sourceTree = "<group>"; };
		9E0A1CDD23F41D48000EE8EC /* QLListRouter.swift */ = {isa = PBXFileReference; lastKnownFileType = sourcecode.swift; path = QLListRouter.swift; sourceTree = "<group>"; };
		9E0A1CDF23F4249C000EE8EC /* QLLifeCell.swift */ = {isa = PBXFileReference; lastKnownFileType = sourcecode.swift; path = QLLifeCell.swift; sourceTree = "<group>"; };
		9E0A1CE123F42513000EE8EC /* QLItem.swift */ = {isa = PBXFileReference; lastKnownFileType = sourcecode.swift; path = QLItem.swift; sourceTree = "<group>"; };
		9E0A1CE323F425CB000EE8EC /* QLLifeCategory.swift */ = {isa = PBXFileReference; lastKnownFileType = sourcecode.swift; path = QLLifeCategory.swift; sourceTree = "<group>"; };
		9E0A1CE723F428A4000EE8EC /* QLCreateViewController.swift */ = {isa = PBXFileReference; lastKnownFileType = sourcecode.swift; path = QLCreateViewController.swift; sourceTree = "<group>"; };
		9E0A1CE923F42959000EE8EC /* QLCreateScreen.storyboard */ = {isa = PBXFileReference; lastKnownFileType = file.storyboard; path = QLCreateScreen.storyboard; sourceTree = "<group>"; };
		9E0A1CEB23F42991000EE8EC /* QLCreateAssembler.swift */ = {isa = PBXFileReference; lastKnownFileType = sourcecode.swift; path = QLCreateAssembler.swift; sourceTree = "<group>"; };
		9E0A1CF023FAC553000EE8EC /* QLCreatePresenter.swift */ = {isa = PBXFileReference; lastKnownFileType = sourcecode.swift; path = QLCreatePresenter.swift; sourceTree = "<group>"; };
		9E0A1CF223FAC55F000EE8EC /* QLCreateRouter.swift */ = {isa = PBXFileReference; lastKnownFileType = sourcecode.swift; path = QLCreateRouter.swift; sourceTree = "<group>"; };
		9E0A1CF723FAD298000EE8EC /* FactorsListViewController.swift */ = {isa = PBXFileReference; lastKnownFileType = sourcecode.swift; path = FactorsListViewController.swift; sourceTree = "<group>"; };
		9E0A1CF923FAD2AB000EE8EC /* FactorsListScreen.storyboard */ = {isa = PBXFileReference; lastKnownFileType = file.storyboard; path = FactorsListScreen.storyboard; sourceTree = "<group>"; };
		9E0A1CFB23FAD2DA000EE8EC /* FactorsListPresenter.swift */ = {isa = PBXFileReference; lastKnownFileType = sourcecode.swift; path = FactorsListPresenter.swift; sourceTree = "<group>"; };
		9E0A1CFD23FAD389000EE8EC /* FactorsListRouter.swift */ = {isa = PBXFileReference; lastKnownFileType = sourcecode.swift; path = FactorsListRouter.swift; sourceTree = "<group>"; };
		9E0A1CFF23FAD420000EE8EC /* FactorsListAssembler.swift */ = {isa = PBXFileReference; lastKnownFileType = sourcecode.swift; path = FactorsListAssembler.swift; sourceTree = "<group>"; };
		9E0A1D0323FAE4A8000EE8EC /* PlaceToVisitListViewController.swift */ = {isa = PBXFileReference; lastKnownFileType = sourcecode.swift; path = PlaceToVisitListViewController.swift; sourceTree = "<group>"; };
		9E0A1D0523FAE4B0000EE8EC /* PlaceToVisitListScreen.storyboard */ = {isa = PBXFileReference; lastKnownFileType = file.storyboard; path = PlaceToVisitListScreen.storyboard; sourceTree = "<group>"; };
		9E0A1D0823FAE508000EE8EC /* PlaceToVisitListPresenter.swift */ = {isa = PBXFileReference; lastKnownFileType = sourcecode.swift; path = PlaceToVisitListPresenter.swift; sourceTree = "<group>"; };
		9E0A1D0A23FAE515000EE8EC /* PlaceToVisitListRouter.swift */ = {isa = PBXFileReference; lastKnownFileType = sourcecode.swift; path = PlaceToVisitListRouter.swift; sourceTree = "<group>"; };
		9E0A1D0C23FAEA50000EE8EC /* PlaceToVisitListAssembler.swift */ = {isa = PBXFileReference; lastKnownFileType = sourcecode.swift; path = PlaceToVisitListAssembler.swift; sourceTree = "<group>"; };
		9E0A9B712440BE6400CA9C3E /* NotesViewController.swift */ = {isa = PBXFileReference; lastKnownFileType = sourcecode.swift; path = NotesViewController.swift; sourceTree = "<group>"; };
		9E0A9B732440BF7500CA9C3E /* NotesPresenter.swift */ = {isa = PBXFileReference; lastKnownFileType = sourcecode.swift; path = NotesPresenter.swift; sourceTree = "<group>"; };
		9E0A9B752440BFE100CA9C3E /* NotesAssembler.swift */ = {isa = PBXFileReference; lastKnownFileType = sourcecode.swift; path = NotesAssembler.swift; sourceTree = "<group>"; };
		9E0ECAEC23FEE35700801AC2 /* QLListViewController.swift */ = {isa = PBXFileReference; fileEncoding = 4; lastKnownFileType = sourcecode.swift; path = QLListViewController.swift; sourceTree = "<group>"; };
		9E2D571A244AF7C5007F69C7 /* NoQLCell.swift */ = {isa = PBXFileReference; lastKnownFileType = sourcecode.swift; path = NoQLCell.swift; sourceTree = "<group>"; };
		9E2D571C244AFAC3007F69C7 /* UIKitExtension.swift */ = {isa = PBXFileReference; lastKnownFileType = sourcecode.swift; path = UIKitExtension.swift; sourceTree = "<group>"; };
		9E2D571E244B077F007F69C7 /* AddTargetCell.xib */ = {isa = PBXFileReference; lastKnownFileType = file.xib; path = AddTargetCell.xib; sourceTree = "<group>"; };
		9E33530F240FCF6A00166432 /* Main.storyboard */ = {isa = PBXFileReference; lastKnownFileType = file.storyboard; path = Main.storyboard; sourceTree = "<group>"; };
		9E57560F243C917B0066D11C /* WeeksListViewController.swift */ = {isa = PBXFileReference; lastKnownFileType = sourcecode.swift; path = WeeksListViewController.swift; sourceTree = "<group>"; };
		9E575612243C91EF0066D11C /* WeeksListPresenter.swift */ = {isa = PBXFileReference; lastKnownFileType = sourcecode.swift; path = WeeksListPresenter.swift; sourceTree = "<group>"; };
		9E575614243C92B80066D11C /* WeeksListRouter.swift */ = {isa = PBXFileReference; lastKnownFileType = sourcecode.swift; path = WeeksListRouter.swift; sourceTree = "<group>"; };
		9E575616243C93470066D11C /* WeeksListAssembler.swift */ = {isa = PBXFileReference; lastKnownFileType = sourcecode.swift; path = WeeksListAssembler.swift; sourceTree = "<group>"; };
		9E575618243C94030066D11C /* WeeksList.storyboard */ = {isa = PBXFileReference; lastKnownFileType = file.storyboard; path = WeeksList.storyboard; sourceTree = "<group>"; };
		9E57561E243E06050066D11C /* Notes.storyboard */ = {isa = PBXFileReference; lastKnownFileType = file.storyboard; path = Notes.storyboard; sourceTree = "<group>"; };
		9E5CABCD240BC8F600D9E204 /* PersonItem.swift */ = {isa = PBXFileReference; lastKnownFileType = sourcecode.swift; path = PersonItem.swift; sourceTree = "<group>"; };
		9E5CABD1240BCB8300D9E204 /* UserDefaultsWrapper.swift */ = {isa = PBXFileReference; lastKnownFileType = sourcecode.swift; path = UserDefaultsWrapper.swift; sourceTree = "<group>"; };
		9E5CABD3240BCDB700D9E204 /* CoreDataWrapper.swift */ = {isa = PBXFileReference; lastKnownFileType = sourcecode.swift; path = CoreDataWrapper.swift; sourceTree = "<group>"; };
		9E5CABD5240BD73500D9E204 /* ItemsType.swift */ = {isa = PBXFileReference; lastKnownFileType = sourcecode.swift; path = ItemsType.swift; sourceTree = "<group>"; };
		9E711D562451FED600153B7C /* NoFactorsCell.swift */ = {isa = PBXFileReference; lastKnownFileType = sourcecode.swift; path = NoFactorsCell.swift; sourceTree = "<group>"; };
		9E711D5B2452025900153B7C /* WeeksTotal.storyboard */ = {isa = PBXFileReference; lastKnownFileType = file.storyboard; path = WeeksTotal.storyboard; sourceTree = "<group>"; };
		9E711D5D245202CB00153B7C /* QLLifeCell.xib */ = {isa = PBXFileReference; lastKnownFileType = file.xib; path = QLLifeCell.xib; sourceTree = "<group>"; };
		9E711D5F2452032E00153B7C /* WeeksTotalViewController.swift */ = {isa = PBXFileReference; lastKnownFileType = sourcecode.swift; path = WeeksTotalViewController.swift; sourceTree = "<group>"; };
		9E711D612452033D00153B7C /* WeeksTotalRouter.swift */ = {isa = PBXFileReference; lastKnownFileType = sourcecode.swift; path = WeeksTotalRouter.swift; sourceTree = "<group>"; };
		9E711D632452036300153B7C /* WeeksTotalPresenter.swift */ = {isa = PBXFileReference; lastKnownFileType = sourcecode.swift; path = WeeksTotalPresenter.swift; sourceTree = "<group>"; };
		9E711D65245203C100153B7C /* WeeksTotalAssembler.swift */ = {isa = PBXFileReference; lastKnownFileType = sourcecode.swift; path = WeeksTotalAssembler.swift; sourceTree = "<group>"; };
		9E711D672452057800153B7C /* HotCode.swift */ = {isa = PBXFileReference; lastKnownFileType = sourcecode.swift; path = HotCode.swift; sourceTree = "<group>"; };
		9E711D692452074900153B7C /* WeeksListCell.swift */ = {isa = PBXFileReference; fileEncoding = 4; lastKnownFileType = sourcecode.swift; path = WeeksListCell.swift; sourceTree = "<group>"; };
		9E711D6B24520BC100153B7C /* MarkThisWeekCell.swift */ = {isa = PBXFileReference; lastKnownFileType = sourcecode.swift; path = MarkThisWeekCell.swift; sourceTree = "<group>"; };
		9E711D6D24521A1700153B7C /* WeekItem.swift */ = {isa = PBXFileReference; lastKnownFileType = sourcecode.swift; path = WeekItem.swift; sourceTree = "<group>"; };
		9E7F1E4E2433C45F0084F244 /* TargetsListUIMapper.swift */ = {isa = PBXFileReference; lastKnownFileType = sourcecode.swift; path = TargetsListUIMapper.swift; sourceTree = "<group>"; };
		9E84C2F5244CB948005E9581 /* MainScreenViewController.swift */ = {isa = PBXFileReference; lastKnownFileType = sourcecode.swift; path = MainScreenViewController.swift; sourceTree = "<group>"; };
		9E84C2F8244CB964005E9581 /* MainScreenPresenter.swift */ = {isa = PBXFileReference; lastKnownFileType = sourcecode.swift; path = MainScreenPresenter.swift; sourceTree = "<group>"; };
		9E84C2FA244CB980005E9581 /* MainScreenRouter.swift */ = {isa = PBXFileReference; lastKnownFileType = sourcecode.swift; path = MainScreenRouter.swift; sourceTree = "<group>"; };
		9E84C2FC244CBBAE005E9581 /* MainScreenAssembler.swift */ = {isa = PBXFileReference; lastKnownFileType = sourcecode.swift; path = MainScreenAssembler.swift; sourceTree = "<group>"; };
		9E84C2FE244CC8C3005E9581 /* MainScreen.storyboard */ = {isa = PBXFileReference; fileEncoding = 4; lastKnownFileType = file.storyboard; path = MainScreen.storyboard; sourceTree = "<group>"; };
		9E92CDA72433AF690049C675 /* TargetsList.storyboard */ = {isa = PBXFileReference; lastKnownFileType = file.storyboard; path = TargetsList.storyboard; sourceTree = "<group>"; };
		9E92CDA92433AF850049C675 /* TargetsListViewController.swift */ = {isa = PBXFileReference; lastKnownFileType = sourcecode.swift; path = TargetsListViewController.swift; sourceTree = "<group>"; };
		9E92CDAB2433B8070049C675 /* AddTargetCell.swift */ = {isa = PBXFileReference; lastKnownFileType = sourcecode.swift; path = AddTargetCell.swift; sourceTree = "<group>"; };
		9E92CDAD2433B8220049C675 /* TargetItem.swift */ = {isa = PBXFileReference; lastKnownFileType = sourcecode.swift; path = TargetItem.swift; sourceTree = "<group>"; };
		9E92CDAF2433B9240049C675 /* TargetsListPresenter.swift */ = {isa = PBXFileReference; lastKnownFileType = sourcecode.swift; path = TargetsListPresenter.swift; sourceTree = "<group>"; };
		9E92CDB32433B9430049C675 /* TargetsListRouter.swift */ = {isa = PBXFileReference; lastKnownFileType = sourcecode.swift; path = TargetsListRouter.swift; sourceTree = "<group>"; };
		9EB26ED2240AEDE6002DD6F1 /* PeopleToRememberViewController.swift */ = {isa = PBXFileReference; lastKnownFileType = sourcecode.swift; path = PeopleToRememberViewController.swift; sourceTree = "<group>"; };
		9EB26ED4240AEDF9002DD6F1 /* PeopleToRemember.storyboard */ = {isa = PBXFileReference; lastKnownFileType = file.storyboard; path = PeopleToRemember.storyboard; sourceTree = "<group>"; };
		9EB26ED6240AEE9B002DD6F1 /* PeopleToRememberPresenter.swift */ = {isa = PBXFileReference; lastKnownFileType = sourcecode.swift; path = PeopleToRememberPresenter.swift; sourceTree = "<group>"; };
		9EB26ED8240AEEA4002DD6F1 /* PeopleToRememberInteractor.swift */ = {isa = PBXFileReference; lastKnownFileType = sourcecode.swift; path = PeopleToRememberInteractor.swift; sourceTree = "<group>"; };
		9EB26EDA240AEEAC002DD6F1 /* PeopleToRememberRouter.swift */ = {isa = PBXFileReference; lastKnownFileType = sourcecode.swift; path = PeopleToRememberRouter.swift; sourceTree = "<group>"; };
		9EB26EDC240AF027002DD6F1 /* PeopleToRememberAssembler.swift */ = {isa = PBXFileReference; lastKnownFileType = sourcecode.swift; path = PeopleToRememberAssembler.swift; sourceTree = "<group>"; };
		9EB26EDE240AF3C4002DD6F1 /* CityItem.swift */ = {isa = PBXFileReference; lastKnownFileType = sourcecode.swift; path = CityItem.swift; sourceTree = "<group>"; };
		9EB26EE0240AF698002DD6F1 /* ActionType.swift */ = {isa = PBXFileReference; lastKnownFileType = sourcecode.swift; path = ActionType.swift; sourceTree = "<group>"; };
		9EB52C1924346F3A0077B23D /* DateType.swift */ = {isa = PBXFileReference; lastKnownFileType = sourcecode.swift; path = DateType.swift; sourceTree = "<group>"; };
		9EB52C1B24346FA70077B23D /* TargetsListAssembler.swift */ = {isa = PBXFileReference; lastKnownFileType = sourcecode.swift; path = TargetsListAssembler.swift; sourceTree = "<group>"; };
		9EB52C1D243472190077B23D /* DateItem.swift */ = {isa = PBXFileReference; lastKnownFileType = sourcecode.swift; path = DateItem.swift; sourceTree = "<group>"; };
		9EB52C1F2434773F0077B23D /* DateItemGenerator.swift */ = {isa = PBXFileReference; lastKnownFileType = sourcecode.swift; path = DateItemGenerator.swift; sourceTree = "<group>"; };
		9EB52C21243493080077B23D /* FoundationExtension.swift */ = {isa = PBXFileReference; lastKnownFileType = sourcecode.swift; path = FoundationExtension.swift; sourceTree = "<group>"; };
		9EC1DBC7247C3C59000CD7C0 /* InstructionViewController.swift */ = {isa = PBXFileReference; lastKnownFileType = sourcecode.swift; path = InstructionViewController.swift; sourceTree = "<group>"; };
		9EC1DBC9247C3C6C000CD7C0 /* InstructionScreen.storyboard */ = {isa = PBXFileReference; lastKnownFileType = file.storyboard; path = InstructionScreen.storyboard; sourceTree = "<group>"; };
		9EC1DBCB247ED192000CD7C0 /* InstructionLastViewController.swift */ = {isa = PBXFileReference; lastKnownFileType = sourcecode.swift; path = InstructionLastViewController.swift; sourceTree = "<group>"; };
		9EC1DBCD247ED1D0000CD7C0 /* InstructionAssembler.swift */ = {isa = PBXFileReference; lastKnownFileType = sourcecode.swift; path = InstructionAssembler.swift; sourceTree = "<group>"; };
		9EEE71F7241BB551007BA5AE /* EmotionType.swift */ = {isa = PBXFileReference; lastKnownFileType = sourcecode.swift; path = EmotionType.swift; sourceTree = "<group>"; };
		9EEE71F9241BB5AF007BA5AE /* PositionType.swift */ = {isa = PBXFileReference; lastKnownFileType = sourcecode.swift; path = PositionType.swift; sourceTree = "<group>"; };
		9EEE71FB241BC14E007BA5AE /* FactorItem.swift */ = {isa = PBXFileReference; lastKnownFileType = sourcecode.swift; path = FactorItem.swift; sourceTree = "<group>"; };
		9EEE71FF241CE48D007BA5AE /* SWOTCreateViewController.swift */ = {isa = PBXFileReference; lastKnownFileType = sourcecode.swift; path = SWOTCreateViewController.swift; sourceTree = "<group>"; };
		9EEE7201241CE499007BA5AE /* SWOTCreateScreen.storyboard */ = {isa = PBXFileReference; lastKnownFileType = file.storyboard; path = SWOTCreateScreen.storyboard; sourceTree = "<group>"; };
		9EEE7203241CE7CF007BA5AE /* SWOTHeaderCell.swift */ = {isa = PBXFileReference; lastKnownFileType = sourcecode.swift; path = SWOTHeaderCell.swift; sourceTree = "<group>"; };
		9EEE7205241CE7E6007BA5AE /* SWOTTextFieldCell.swift */ = {isa = PBXFileReference; lastKnownFileType = sourcecode.swift; path = SWOTTextFieldCell.swift; sourceTree = "<group>"; };
		9EEE7207241CE7F4007BA5AE /* SWOTCreateButtonCell.swift */ = {isa = PBXFileReference; lastKnownFileType = sourcecode.swift; path = SWOTCreateButtonCell.swift; sourceTree = "<group>"; };
		9EEE7209241CE89D007BA5AE /* SWOTStepperCell.swift */ = {isa = PBXFileReference; lastKnownFileType = sourcecode.swift; path = SWOTStepperCell.swift; sourceTree = "<group>"; };
		9EEE720D241CE8CF007BA5AE /* HeaderItem.swift */ = {isa = PBXFileReference; lastKnownFileType = sourcecode.swift; path = HeaderItem.swift; sourceTree = "<group>"; };
		9EEE720F241CE8EF007BA5AE /* TextFieldItem.swift */ = {isa = PBXFileReference; lastKnownFileType = sourcecode.swift; path = TextFieldItem.swift; sourceTree = "<group>"; };
		9EEE7211241CE9EC007BA5AE /* ComponentCell.swift */ = {isa = PBXFileReference; lastKnownFileType = sourcecode.swift; path = ComponentCell.swift; sourceTree = "<group>"; };
		9EEE7217241D08AD007BA5AE /* SWOTUIMapper.swift */ = {isa = PBXFileReference; lastKnownFileType = sourcecode.swift; path = SWOTUIMapper.swift; sourceTree = "<group>"; };
		9EEE7219241D0919007BA5AE /* BaseUIMapper.swift */ = {isa = PBXFileReference; lastKnownFileType = sourcecode.swift; path = BaseUIMapper.swift; sourceTree = "<group>"; };
		9EEE721B241D09FC007BA5AE /* SWOTCreatePresenter.swift */ = {isa = PBXFileReference; lastKnownFileType = sourcecode.swift; path = SWOTCreatePresenter.swift; sourceTree = "<group>"; };
		9EEE721D241D0A0A007BA5AE /* SWOTCreateRouter.swift */ = {isa = PBXFileReference; lastKnownFileType = sourcecode.swift; path = SWOTCreateRouter.swift; sourceTree = "<group>"; };
		9EEE721F241D0ED3007BA5AE /* SWOTCreateAssembler.swift */ = {isa = PBXFileReference; lastKnownFileType = sourcecode.swift; path = SWOTCreateAssembler.swift; sourceTree = "<group>"; };
		9EF90CD5245983F500260A45 /* WeeksStatistics.storyboard */ = {isa = PBXFileReference; lastKnownFileType = file.storyboard; path = WeeksStatistics.storyboard; sourceTree = "<group>"; };
		9EF90CD72459840B00260A45 /* WeeksStatisticsViewController.swift */ = {isa = PBXFileReference; lastKnownFileType = sourcecode.swift; path = WeeksStatisticsViewController.swift; sourceTree = "<group>"; };
		9EF90CDA245985A500260A45 /* WeeksStatisticsPresenter.swift */ = {isa = PBXFileReference; lastKnownFileType = sourcecode.swift; path = WeeksStatisticsPresenter.swift; sourceTree = "<group>"; };
		9EF90CDC245985AB00260A45 /* WeeksStatisticsRouter.swift */ = {isa = PBXFileReference; lastKnownFileType = sourcecode.swift; path = WeeksStatisticsRouter.swift; sourceTree = "<group>"; };
		9EF90CDE2459861600260A45 /* WeeksStatisticsAssembler.swift */ = {isa = PBXFileReference; lastKnownFileType = sourcecode.swift; path = WeeksStatisticsAssembler.swift; sourceTree = "<group>"; };
		9EF90CE3245AE50E00260A45 /* DrawViewController.swift */ = {isa = PBXFileReference; lastKnownFileType = sourcecode.swift; path = DrawViewController.swift; sourceTree = "<group>"; };
		9EF90CE5245AE52000260A45 /* DrawScreen.storyboard */ = {isa = PBXFileReference; lastKnownFileType = file.storyboard; path = DrawScreen.storyboard; sourceTree = "<group>"; };
		9EF90CE7245AFB0E00260A45 /* SWOTItem.swift */ = {isa = PBXFileReference; lastKnownFileType = sourcecode.swift; path = SWOTItem.swift; sourceTree = "<group>"; };
		9EF90CE9245AFE2B00260A45 /* SWOTCharacteristic.swift */ = {isa = PBXFileReference; lastKnownFileType = sourcecode.swift; path = SWOTCharacteristic.swift; sourceTree = "<group>"; };
		9EF90CEB245B39CD00260A45 /* Defaults.swift */ = {isa = PBXFileReference; lastKnownFileType = sourcecode.swift; path = Defaults.swift; sourceTree = "<group>"; };
		9EF90CF0245B404500260A45 /* SWOTList.storyboard */ = {isa = PBXFileReference; lastKnownFileType = file.storyboard; path = SWOTList.storyboard; sourceTree = "<group>"; };
		9EF90CF2245B404E00260A45 /* SWOTListViewController.swift */ = {isa = PBXFileReference; lastKnownFileType = sourcecode.swift; path = SWOTListViewController.swift; sourceTree = "<group>"; };
		9EF90CF4245B438B00260A45 /* SWOTListPresenter.swift */ = {isa = PBXFileReference; lastKnownFileType = sourcecode.swift; path = SWOTListPresenter.swift; sourceTree = "<group>"; };
		9EF90CF6245B43A700260A45 /* SWOTListRouter.swift */ = {isa = PBXFileReference; lastKnownFileType = sourcecode.swift; path = SWOTListRouter.swift; sourceTree = "<group>"; };
		9EF90CF8245B43C700260A45 /* SWOTListAssembler.swift */ = {isa = PBXFileReference; lastKnownFileType = sourcecode.swift; path = SWOTListAssembler.swift; sourceTree = "<group>"; };
		9EF90CFA245B444F00260A45 /* SWOTListCell.swift */ = {isa = PBXFileReference; lastKnownFileType = sourcecode.swift; path = SWOTListCell.swift; sourceTree = "<group>"; };
		9EF90CFC245B449A00260A45 /* SWOTCharacteristicCell.swift */ = {isa = PBXFileReference; lastKnownFileType = sourcecode.swift; path = SWOTCharacteristicCell.swift; sourceTree = "<group>"; };
		AB483745DBBA1E3414DE165E /* Pods-BetterLife2-BetterLife2UITests.debug.xcconfig */ = {isa = PBXFileReference; includeInIndex = 1; lastKnownFileType = text.xcconfig; name = "Pods-BetterLife2-BetterLife2UITests.debug.xcconfig"; path = "Target Support Files/Pods-BetterLife2-BetterLife2UITests/Pods-BetterLife2-BetterLife2UITests.debug.xcconfig"; sourceTree = "<group>"; };
		AF32CE85FA0C3E4B59F096A8 /* Pods-BetterLife2.release.xcconfig */ = {isa = PBXFileReference; includeInIndex = 1; lastKnownFileType = text.xcconfig; name = "Pods-BetterLife2.release.xcconfig"; path = "Target Support Files/Pods-BetterLife2/Pods-BetterLife2.release.xcconfig"; sourceTree = "<group>"; };
		B06D3A14959A7D37CCB0AFA2 /* Pods-BetterLife2Tests.debug.xcconfig */ = {isa = PBXFileReference; includeInIndex = 1; lastKnownFileType = text.xcconfig; name = "Pods-BetterLife2Tests.debug.xcconfig"; path = "Target Support Files/Pods-BetterLife2Tests/Pods-BetterLife2Tests.debug.xcconfig"; sourceTree = "<group>"; };
		C158FF0C5F28930D91B7886A /* Pods_BetterLife2_BetterLife2UITests.framework */ = {isa = PBXFileReference; explicitFileType = wrapper.framework; includeInIndex = 0; path = Pods_BetterLife2_BetterLife2UITests.framework; sourceTree = BUILT_PRODUCTS_DIR; };
		F4ECB0FE680A7224EA349138 /* Pods-BetterLife2Tests.release.xcconfig */ = {isa = PBXFileReference; includeInIndex = 1; lastKnownFileType = text.xcconfig; name = "Pods-BetterLife2Tests.release.xcconfig"; path = "Target Support Files/Pods-BetterLife2Tests/Pods-BetterLife2Tests.release.xcconfig"; sourceTree = "<group>"; };
		F6BD333CB61BEBD5F610ABD1 /* Pods-BetterLife2.debug.xcconfig */ = {isa = PBXFileReference; includeInIndex = 1; lastKnownFileType = text.xcconfig; name = "Pods-BetterLife2.debug.xcconfig"; path = "Target Support Files/Pods-BetterLife2/Pods-BetterLife2.debug.xcconfig"; sourceTree = "<group>"; };
/* End PBXFileReference section */

/* Begin PBXFrameworksBuildPhase section */
		9E0A1C9723F4134F000EE8EC /* Frameworks */ = {
			isa = PBXFrameworksBuildPhase;
			buildActionMask = 2147483647;
			files = (
				2A8CE377741DA3373F935C83 /* Pods_BetterLife2.framework in Frameworks */,
			);
			runOnlyForDeploymentPostprocessing = 0;
		};
		9E0A1CB023F41350000EE8EC /* Frameworks */ = {
			isa = PBXFrameworksBuildPhase;
			buildActionMask = 2147483647;
			files = (
				A94BEE4C69930FA3CE456864 /* Pods_BetterLife2Tests.framework in Frameworks */,
			);
			runOnlyForDeploymentPostprocessing = 0;
		};
		9E0A1CBB23F41350000EE8EC /* Frameworks */ = {
			isa = PBXFrameworksBuildPhase;
			buildActionMask = 2147483647;
			files = (
				4FCB508E3C74FF3E9263F5B5 /* Pods_BetterLife2_BetterLife2UITests.framework in Frameworks */,
			);
			runOnlyForDeploymentPostprocessing = 0;
		};
/* End PBXFrameworksBuildPhase section */

/* Begin PBXGroup section */
		20657353D5891224A615DB40 /* Frameworks */ = {
			isa = PBXGroup;
			children = (
				313706DEC9AFBBA5ADA298C4 /* Pods_BetterLife2.framework */,
				C158FF0C5F28930D91B7886A /* Pods_BetterLife2_BetterLife2UITests.framework */,
				7F1E067F3BC67E46A2B9F82F /* Pods_BetterLife2Tests.framework */,
			);
			name = Frameworks;
			sourceTree = "<group>";
		};
		522473337EE9E2601F1C41CF /* Pods */ = {
			isa = PBXGroup;
			children = (
				F6BD333CB61BEBD5F610ABD1 /* Pods-BetterLife2.debug.xcconfig */,
				AF32CE85FA0C3E4B59F096A8 /* Pods-BetterLife2.release.xcconfig */,
				AB483745DBBA1E3414DE165E /* Pods-BetterLife2-BetterLife2UITests.debug.xcconfig */,
				8F34FF0EA7458E4CD58B49D3 /* Pods-BetterLife2-BetterLife2UITests.release.xcconfig */,
				B06D3A14959A7D37CCB0AFA2 /* Pods-BetterLife2Tests.debug.xcconfig */,
				F4ECB0FE680A7224EA349138 /* Pods-BetterLife2Tests.release.xcconfig */,
			);
			path = Pods;
			sourceTree = "<group>";
		};
		9E0A1C9123F4134F000EE8EC = {
			isa = PBXGroup;
			children = (
				9E0A1C9C23F4134F000EE8EC /* BetterLife2 */,
				9E0A1CB623F41350000EE8EC /* BetterLife2Tests */,
				9E0A1CC123F41350000EE8EC /* BetterLife2UITests */,
				9E0A1C9B23F4134F000EE8EC /* Products */,
				522473337EE9E2601F1C41CF /* Pods */,
				20657353D5891224A615DB40 /* Frameworks */,
			);
			sourceTree = "<group>";
		};
		9E0A1C9B23F4134F000EE8EC /* Products */ = {
			isa = PBXGroup;
			children = (
				9E0A1C9A23F4134F000EE8EC /* BetterLife2.app */,
				9E0A1CB323F41350000EE8EC /* BetterLife2Tests.xctest */,
				9E0A1CBE23F41350000EE8EC /* BetterLife2UITests.xctest */,
			);
			name = Products;
			sourceTree = "<group>";
		};
		9E0A1C9C23F4134F000EE8EC /* BetterLife2 */ = {
			isa = PBXGroup;
			children = (
				9E0A1C9D23F4134F000EE8EC /* AppDelegate.swift */,
				9E0A1CD023F41562000EE8EC /* MainTabBarViewController.swift */,
				9EB52C232434930C0077B23D /* Extensions */,
				9EEE7213241CEA1A007BA5AE /* Protocols */,
				9E5CABCF240BCB6300D9E204 /* GlobalMethods */,
				9EB26EE3240BC585002DD6F1 /* Enums */,
				9EB26EE2240BC577002DD6F1 /* Items */,
				9E2D5716244AF1D4007F69C7 /* MainScreen */,
				9EB26ECF240AED93002DD6F1 /* PeopleToRememberList */,
				9EEE71FD241CE455007BA5AE /* SWOTCreate */,
				9EF90CED245B401700260A45 /* SWOTList */,
				9E0A1D0123FAE485000EE8EC /* PlaceToVisitList */,
				9E0A1CF423FACC22000EE8EC /* FactorsList */,
				9E0A1CE523F42866000EE8EC /* QLCreate */,
				9E0A1CD223F419F7000EE8EC /* QLList */,
				9E92CDA52433AF410049C675 /* TargetsList */,
				9E57561C243E05E10066D11C /* Notes */,
				9E57560D243C91500066D11C /* WeeksList */,
				9EF90CD3245983CE00260A45 /* WeeksStatistics */,
				9E711D58245201C800153B7C /* WeeksTotal */,
				9EF90CE0245AE4A200260A45 /* DrawScreen */,
				9EC1DBC6247C3B71000CD7C0 /* InstructionScreen */,
				9E0A1CAB23F41350000EE8EC /* LaunchScreen.storyboard */,
				9E0A1CAE23F41350000EE8EC /* Info.plist */,
				9E0A1CA623F4134F000EE8EC /* BetterLife2.xcdatamodeld */,
				9E0A1CA923F41350000EE8EC /* Assets.xcassets */,
				9E33530F240FCF6A00166432 /* Main.storyboard */,
				9E711D672452057800153B7C /* HotCode.swift */,
				9EF90CEB245B39CD00260A45 /* Defaults.swift */,
			);
			path = BetterLife2;
			sourceTree = "<group>";
		};
		9E0A1CB623F41350000EE8EC /* BetterLife2Tests */ = {
			isa = PBXGroup;
			children = (
				9E0A1CB723F41350000EE8EC /* BetterLife2Tests.swift */,
				9E0A1CB923F41350000EE8EC /* Info.plist */,
			);
			path = BetterLife2Tests;
			sourceTree = "<group>";
		};
		9E0A1CC123F41350000EE8EC /* BetterLife2UITests */ = {
			isa = PBXGroup;
			children = (
				9E0A1CC223F41350000EE8EC /* BetterLife2UITests.swift */,
				9E0A1CC423F41350000EE8EC /* Info.plist */,
			);
			path = BetterLife2UITests;
			sourceTree = "<group>";
		};
		9E0A1CD223F419F7000EE8EC /* QLList */ = {
			isa = PBXGroup;
			children = (
				9E0A1CD923F41AE2000EE8EC /* QLListAssembler.swift */,
				9E0A1CE323F425CB000EE8EC /* QLLifeCategory.swift */,
				9E0A1CD423F41A98000EE8EC /* Impl */,
				9E0A1CD323F41A94000EE8EC /* View */,
			);
			path = QLList;
			sourceTree = "<group>";
		};
		9E0A1CD323F41A94000EE8EC /* View */ = {
			isa = PBXGroup;
			children = (
				9E0ECAEC23FEE35700801AC2 /* QLListViewController.swift */,
				9E0A1CD723F41AC0000EE8EC /* QLLifeScreen.storyboard */,
				9E0A1CDF23F4249C000EE8EC /* QLLifeCell.swift */,
				9E2D571A244AF7C5007F69C7 /* NoQLCell.swift */,
				9E711D5D245202CB00153B7C /* QLLifeCell.xib */,
			);
			path = View;
			sourceTree = "<group>";
		};
		9E0A1CD423F41A98000EE8EC /* Impl */ = {
			isa = PBXGroup;
			children = (
				9E0A1CDB23F41C81000EE8EC /* QLListPresenter.swift */,
				9E0A1CDD23F41D48000EE8EC /* QLListRouter.swift */,
			);
			path = Impl;
			sourceTree = "<group>";
		};
		9E0A1CE523F42866000EE8EC /* QLCreate */ = {
			isa = PBXGroup;
			children = (
				9E0A1CEB23F42991000EE8EC /* QLCreateAssembler.swift */,
				9E0A1CED23F42A56000EE8EC /* Impl */,
				9E0A1CE623F4287E000EE8EC /* View */,
			);
			path = QLCreate;
			sourceTree = "<group>";
		};
		9E0A1CE623F4287E000EE8EC /* View */ = {
			isa = PBXGroup;
			children = (
				9E0A1CE723F428A4000EE8EC /* QLCreateViewController.swift */,
				9E0A1CE923F42959000EE8EC /* QLCreateScreen.storyboard */,
			);
			path = View;
			sourceTree = "<group>";
		};
		9E0A1CED23F42A56000EE8EC /* Impl */ = {
			isa = PBXGroup;
			children = (
				9E0A1CF023FAC553000EE8EC /* QLCreatePresenter.swift */,
				9E0A1CF223FAC55F000EE8EC /* QLCreateRouter.swift */,
			);
			path = Impl;
			sourceTree = "<group>";
		};
		9E0A1CF423FACC22000EE8EC /* FactorsList */ = {
			isa = PBXGroup;
			children = (
				9E0A1CFF23FAD420000EE8EC /* FactorsListAssembler.swift */,
				9E0A1CF623FAD16A000EE8EC /* Impl */,
				9E0A1CF523FAD15F000EE8EC /* View */,
			);
			path = FactorsList;
			sourceTree = "<group>";
		};
		9E0A1CF523FAD15F000EE8EC /* View */ = {
			isa = PBXGroup;
			children = (
				9E0A1CF723FAD298000EE8EC /* FactorsListViewController.swift */,
				9E0A1CF923FAD2AB000EE8EC /* FactorsListScreen.storyboard */,
				9E711D562451FED600153B7C /* NoFactorsCell.swift */,
			);
			path = View;
			sourceTree = "<group>";
		};
		9E0A1CF623FAD16A000EE8EC /* Impl */ = {
			isa = PBXGroup;
			children = (
				9E0A1CFB23FAD2DA000EE8EC /* FactorsListPresenter.swift */,
				9E0A1CFD23FAD389000EE8EC /* FactorsListRouter.swift */,
			);
			path = Impl;
			sourceTree = "<group>";
		};
		9E0A1D0123FAE485000EE8EC /* PlaceToVisitList */ = {
			isa = PBXGroup;
			children = (
				9EB26EDE240AF3C4002DD6F1 /* CityItem.swift */,
				9E0A1D0C23FAEA50000EE8EC /* PlaceToVisitListAssembler.swift */,
				9E0A1D0723FAE4F1000EE8EC /* Impl */,
				9E0A1D0223FAE49E000EE8EC /* View */,
			);
			path = PlaceToVisitList;
			sourceTree = "<group>";
		};
		9E0A1D0223FAE49E000EE8EC /* View */ = {
			isa = PBXGroup;
			children = (
				9E0A1D0323FAE4A8000EE8EC /* PlaceToVisitListViewController.swift */,
				9E0A1D0523FAE4B0000EE8EC /* PlaceToVisitListScreen.storyboard */,
			);
			path = View;
			sourceTree = "<group>";
		};
		9E0A1D0723FAE4F1000EE8EC /* Impl */ = {
			isa = PBXGroup;
			children = (
				9E0A1D0823FAE508000EE8EC /* PlaceToVisitListPresenter.swift */,
				9E0A1D0A23FAE515000EE8EC /* PlaceToVisitListRouter.swift */,
			);
			path = Impl;
			sourceTree = "<group>";
		};
		9E2D5716244AF1D4007F69C7 /* MainScreen */ = {
			isa = PBXGroup;
			children = (
				9E84C2FC244CBBAE005E9581 /* MainScreenAssembler.swift */,
				9E84C2F7244CB94D005E9581 /* Impl */,
				9E2D5717244AF1DC007F69C7 /* View */,
			);
			path = MainScreen;
			sourceTree = "<group>";
		};
		9E2D5717244AF1DC007F69C7 /* View */ = {
			isa = PBXGroup;
			children = (
				9E84C2FE244CC8C3005E9581 /* MainScreen.storyboard */,
				9E84C2F5244CB948005E9581 /* MainScreenViewController.swift */,
			);
			path = View;
			sourceTree = "<group>";
		};
		9E57560D243C91500066D11C /* WeeksList */ = {
			isa = PBXGroup;
			children = (
				9E575616243C93470066D11C /* WeeksListAssembler.swift */,
				9E575611243C91DC0066D11C /* Impl */,
				9E57560E243C91630066D11C /* View */,
			);
			path = WeeksList;
			sourceTree = "<group>";
		};
		9E57560E243C91630066D11C /* View */ = {
			isa = PBXGroup;
			children = (
				9E57560F243C917B0066D11C /* WeeksListViewController.swift */,
				9E575618243C94030066D11C /* WeeksList.storyboard */,
				9E711D692452074900153B7C /* WeeksListCell.swift */,
			);
			path = View;
			sourceTree = "<group>";
		};
		9E575611243C91DC0066D11C /* Impl */ = {
			isa = PBXGroup;
			children = (
				9E575612243C91EF0066D11C /* WeeksListPresenter.swift */,
				9E575614243C92B80066D11C /* WeeksListRouter.swift */,
			);
			path = Impl;
			sourceTree = "<group>";
		};
		9E57561C243E05E10066D11C /* Notes */ = {
			isa = PBXGroup;
			children = (
				9E0A9B752440BFE100CA9C3E /* NotesAssembler.swift */,
				9E0A9B732440BF7500CA9C3E /* NotesPresenter.swift */,
				9E57561D243E05FB0066D11C /* View */,
			);
			path = Notes;
			sourceTree = "<group>";
		};
		9E57561D243E05FB0066D11C /* View */ = {
			isa = PBXGroup;
			children = (
				9E57561E243E06050066D11C /* Notes.storyboard */,
				9E0A9B712440BE6400CA9C3E /* NotesViewController.swift */,
			);
			path = View;
			sourceTree = "<group>";
		};
		9E5CABCF240BCB6300D9E204 /* GlobalMethods */ = {
			isa = PBXGroup;
			children = (
				9E5CABD1240BCB8300D9E204 /* UserDefaultsWrapper.swift */,
				9E5CABD3240BCDB700D9E204 /* CoreDataWrapper.swift */,
				9EB52C1F2434773F0077B23D /* DateItemGenerator.swift */,
			);
			path = GlobalMethods;
			sourceTree = "<group>";
		};
		9E711D58245201C800153B7C /* WeeksTotal */ = {
			isa = PBXGroup;
			children = (
				9E711D65245203C100153B7C /* WeeksTotalAssembler.swift */,
				9E711D5A245201EB00153B7C /* Impl */,
				9E711D59245201DE00153B7C /* View */,
			);
			path = WeeksTotal;
			sourceTree = "<group>";
		};
		9E711D59245201DE00153B7C /* View */ = {
			isa = PBXGroup;
			children = (
				9E711D5B2452025900153B7C /* WeeksTotal.storyboard */,
				9E711D5F2452032E00153B7C /* WeeksTotalViewController.swift */,
			);
			path = View;
			sourceTree = "<group>";
		};
		9E711D5A245201EB00153B7C /* Impl */ = {
			isa = PBXGroup;
			children = (
				9E711D612452033D00153B7C /* WeeksTotalRouter.swift */,
				9E711D632452036300153B7C /* WeeksTotalPresenter.swift */,
			);
			path = Impl;
			sourceTree = "<group>";
		};
		9E7F1E502433C5FA0084F244 /* Cell */ = {
			isa = PBXGroup;
			children = (
				9E92CDAB2433B8070049C675 /* AddTargetCell.swift */,
				9E2D571E244B077F007F69C7 /* AddTargetCell.xib */,
				9E711D6B24520BC100153B7C /* MarkThisWeekCell.swift */,
			);
			path = Cell;
			sourceTree = "<group>";
		};
		9E84C2F7244CB94D005E9581 /* Impl */ = {
			isa = PBXGroup;
			children = (
				9E84C2F8244CB964005E9581 /* MainScreenPresenter.swift */,
				9E84C2FA244CB980005E9581 /* MainScreenRouter.swift */,
			);
			path = Impl;
			sourceTree = "<group>";
		};
		9E92CDA52433AF410049C675 /* TargetsList */ = {
			isa = PBXGroup;
			children = (
				9EB52C1B24346FA70077B23D /* TargetsListAssembler.swift */,
				9E92CDAD2433B8220049C675 /* TargetItem.swift */,
				9E92CDB22433B9310049C675 /* Impl */,
				9E92CDA62433AF5D0049C675 /* View */,
			);
			path = TargetsList;
			sourceTree = "<group>";
		};
		9E92CDA62433AF5D0049C675 /* View */ = {
			isa = PBXGroup;
			children = (
				9E7F1E502433C5FA0084F244 /* Cell */,
				9E92CDA72433AF690049C675 /* TargetsList.storyboard */,
				9E92CDA92433AF850049C675 /* TargetsListViewController.swift */,
				9E7F1E4E2433C45F0084F244 /* TargetsListUIMapper.swift */,
			);
			path = View;
			sourceTree = "<group>";
		};
		9E92CDB22433B9310049C675 /* Impl */ = {
			isa = PBXGroup;
			children = (
				9E92CDAF2433B9240049C675 /* TargetsListPresenter.swift */,
				9E92CDB32433B9430049C675 /* TargetsListRouter.swift */,
			);
			path = Impl;
			sourceTree = "<group>";
		};
		9EB26ECF240AED93002DD6F1 /* PeopleToRememberList */ = {
			isa = PBXGroup;
			children = (
				9E5CABCD240BC8F600D9E204 /* PersonItem.swift */,
				9EB26EDC240AF027002DD6F1 /* PeopleToRememberAssembler.swift */,
				9EB26ED1240AEDBC002DD6F1 /* Impl */,
				9EB26ED0240AEDA8002DD6F1 /* View */,
			);
			path = PeopleToRememberList;
			sourceTree = "<group>";
		};
		9EB26ED0240AEDA8002DD6F1 /* View */ = {
			isa = PBXGroup;
			children = (
				9EB26ED2240AEDE6002DD6F1 /* PeopleToRememberViewController.swift */,
				9EB26ED4240AEDF9002DD6F1 /* PeopleToRemember.storyboard */,
			);
			path = View;
			sourceTree = "<group>";
		};
		9EB26ED1240AEDBC002DD6F1 /* Impl */ = {
			isa = PBXGroup;
			children = (
				9EB26ED6240AEE9B002DD6F1 /* PeopleToRememberPresenter.swift */,
				9EB26ED8240AEEA4002DD6F1 /* PeopleToRememberInteractor.swift */,
				9EB26EDA240AEEAC002DD6F1 /* PeopleToRememberRouter.swift */,
			);
			path = Impl;
			sourceTree = "<group>";
		};
		9EB26EE2240BC577002DD6F1 /* Items */ = {
			isa = PBXGroup;
			children = (
				9EB52C1D243472190077B23D /* DateItem.swift */,
				9E0A1CE123F42513000EE8EC /* QLItem.swift */,
				9EEE71FB241BC14E007BA5AE /* FactorItem.swift */,
				9EEE720D241CE8CF007BA5AE /* HeaderItem.swift */,
				9EEE720F241CE8EF007BA5AE /* TextFieldItem.swift */,
				9E711D6D24521A1700153B7C /* WeekItem.swift */,
			);
			path = Items;
			sourceTree = "<group>";
		};
		9EB26EE3240BC585002DD6F1 /* Enums */ = {
			isa = PBXGroup;
			children = (
				9EB26EE0240AF698002DD6F1 /* ActionType.swift */,
				9E5CABD5240BD73500D9E204 /* ItemsType.swift */,
				9EEE71F7241BB551007BA5AE /* EmotionType.swift */,
				9EEE71F9241BB5AF007BA5AE /* PositionType.swift */,
				9EB52C1924346F3A0077B23D /* DateType.swift */,
			);
			path = Enums;
			sourceTree = "<group>";
		};
		9EB52C232434930C0077B23D /* Extensions */ = {
			isa = PBXGroup;
			children = (
				9EB52C21243493080077B23D /* FoundationExtension.swift */,
				9E2D571C244AFAC3007F69C7 /* UIKitExtension.swift */,
			);
			path = Extensions;
			sourceTree = "<group>";
		};
		9EC1DBC6247C3B71000CD7C0 /* InstructionScreen */ = {
			isa = PBXGroup;
			children = (
				9EC1DBC7247C3C59000CD7C0 /* InstructionViewController.swift */,
				9EC1DBC9247C3C6C000CD7C0 /* InstructionScreen.storyboard */,
				9EC1DBCB247ED192000CD7C0 /* InstructionLastViewController.swift */,
				9EC1DBCD247ED1D0000CD7C0 /* InstructionAssembler.swift */,
			);
			path = InstructionScreen;
			sourceTree = "<group>";
		};
		9EEE71FD241CE455007BA5AE /* SWOTCreate */ = {
			isa = PBXGroup;
			children = (
				9EEE721F241D0ED3007BA5AE /* SWOTCreateAssembler.swift */,
				9EEE7216241D0893007BA5AE /* Impl */,
				9EEE71FE241CE474007BA5AE /* View */,
				9EF90CE7245AFB0E00260A45 /* SWOTItem.swift */,
			);
			path = SWOTCreate;
			sourceTree = "<group>";
		};
		9EEE71FE241CE474007BA5AE /* View */ = {
			isa = PBXGroup;
			children = (
				9EEE720B241CE8A1007BA5AE /* Cell */,
				9EEE71FF241CE48D007BA5AE /* SWOTCreateViewController.swift */,
				9EEE7201241CE499007BA5AE /* SWOTCreateScreen.storyboard */,
				9EEE7217241D08AD007BA5AE /* SWOTUIMapper.swift */,
				9EF90CE9245AFE2B00260A45 /* SWOTCharacteristic.swift */,
			);
			path = View;
			sourceTree = "<group>";
		};
		9EEE720B241CE8A1007BA5AE /* Cell */ = {
			isa = PBXGroup;
			children = (
				9EEE7203241CE7CF007BA5AE /* SWOTHeaderCell.swift */,
				9EEE7205241CE7E6007BA5AE /* SWOTTextFieldCell.swift */,
				9EEE7207241CE7F4007BA5AE /* SWOTCreateButtonCell.swift */,
				9EEE7209241CE89D007BA5AE /* SWOTStepperCell.swift */,
			);
			path = Cell;
			sourceTree = "<group>";
		};
		9EEE7213241CEA1A007BA5AE /* Protocols */ = {
			isa = PBXGroup;
			children = (
				9EEE7211241CE9EC007BA5AE /* ComponentCell.swift */,
				9EEE7219241D0919007BA5AE /* BaseUIMapper.swift */,
			);
			path = Protocols;
			sourceTree = "<group>";
		};
		9EEE7216241D0893007BA5AE /* Impl */ = {
			isa = PBXGroup;
			children = (
				9EEE721B241D09FC007BA5AE /* SWOTCreatePresenter.swift */,
				9EEE721D241D0A0A007BA5AE /* SWOTCreateRouter.swift */,
			);
			path = Impl;
			sourceTree = "<group>";
		};
		9EF90CD3245983CE00260A45 /* WeeksStatistics */ = {
			isa = PBXGroup;
			children = (
				9EF90CDE2459861600260A45 /* WeeksStatisticsAssembler.swift */,
				9EF90CD92459859800260A45 /* Impl */,
				9EF90CD4245983E600260A45 /* View */,
			);
			path = WeeksStatistics;
			sourceTree = "<group>";
		};
		9EF90CD4245983E600260A45 /* View */ = {
			isa = PBXGroup;
			children = (
				9EF90CD5245983F500260A45 /* WeeksStatistics.storyboard */,
				9EF90CD72459840B00260A45 /* WeeksStatisticsViewController.swift */,
			);
			path = View;
			sourceTree = "<group>";
		};
		9EF90CD92459859800260A45 /* Impl */ = {
			isa = PBXGroup;
			children = (
				9EF90CDA245985A500260A45 /* WeeksStatisticsPresenter.swift */,
				9EF90CDC245985AB00260A45 /* WeeksStatisticsRouter.swift */,
			);
			path = Impl;
			sourceTree = "<group>";
		};
		9EF90CE0245AE4A200260A45 /* DrawScreen */ = {
			isa = PBXGroup;
			children = (
				9EF90CE2245AE4B400260A45 /* Impl */,
				9EF90CE1245AE4B000260A45 /* View */,
			);
			path = DrawScreen;
			sourceTree = "<group>";
		};
		9EF90CE1245AE4B000260A45 /* View */ = {
			isa = PBXGroup;
			children = (
				9EF90CE3245AE50E00260A45 /* DrawViewController.swift */,
				9EF90CE5245AE52000260A45 /* DrawScreen.storyboard */,
			);
			path = View;
			sourceTree = "<group>";
		};
		9EF90CE2245AE4B400260A45 /* Impl */ = {
			isa = PBXGroup;
			children = (
			);
			path = Impl;
			sourceTree = "<group>";
		};
		9EF90CED245B401700260A45 /* SWOTList */ = {
			isa = PBXGroup;
			children = (
				9EF90CF8245B43C700260A45 /* SWOTListAssembler.swift */,
				9EF90CEF245B403A00260A45 /* Impl */,
				9EF90CEE245B403300260A45 /* View */,
			);
			path = SWOTList;
			sourceTree = "<group>";
		};
		9EF90CEE245B403300260A45 /* View */ = {
			isa = PBXGroup;
			children = (
				9EF90CF0245B404500260A45 /* SWOTList.storyboard */,
				9EF90CF2245B404E00260A45 /* SWOTListViewController.swift */,
				9EF90CFA245B444F00260A45 /* SWOTListCell.swift */,
				9EF90CFC245B449A00260A45 /* SWOTCharacteristicCell.swift */,
			);
			path = View;
			sourceTree = "<group>";
		};
		9EF90CEF245B403A00260A45 /* Impl */ = {
			isa = PBXGroup;
			children = (
				9EF90CF4245B438B00260A45 /* SWOTListPresenter.swift */,
				9EF90CF6245B43A700260A45 /* SWOTListRouter.swift */,
			);
			path = Impl;
			sourceTree = "<group>";
		};
/* End PBXGroup section */

/* Begin PBXNativeTarget section */
		9E0A1C9923F4134F000EE8EC /* BetterLife2 */ = {
			isa = PBXNativeTarget;
			buildConfigurationList = 9E0A1CC723F41350000EE8EC /* Build configuration list for PBXNativeTarget "BetterLife2" */;
			buildPhases = (
				61DB5B01A0AD6B26A7E4F13E /* [CP] Check Pods Manifest.lock */,
				9E0A1C9623F4134F000EE8EC /* Sources */,
				9E0A1C9723F4134F000EE8EC /* Frameworks */,
				9E0A1C9823F4134F000EE8EC /* Resources */,
				B0780BCC8002E68E54BF44FF /* [CP] Embed Pods Frameworks */,
			);
			buildRules = (
			);
			dependencies = (
			);
			name = BetterLife2;
			productName = BetterLife2;
			productReference = 9E0A1C9A23F4134F000EE8EC /* BetterLife2.app */;
			productType = "com.apple.product-type.application";
		};
		9E0A1CB223F41350000EE8EC /* BetterLife2Tests */ = {
			isa = PBXNativeTarget;
			buildConfigurationList = 9E0A1CCA23F41350000EE8EC /* Build configuration list for PBXNativeTarget "BetterLife2Tests" */;
			buildPhases = (
				464BB3DD7B76F89A1E2DA86C /* [CP] Check Pods Manifest.lock */,
				9E0A1CAF23F41350000EE8EC /* Sources */,
				9E0A1CB023F41350000EE8EC /* Frameworks */,
				9E0A1CB123F41350000EE8EC /* Resources */,
			);
			buildRules = (
			);
			dependencies = (
				9E0A1CB523F41350000EE8EC /* PBXTargetDependency */,
			);
			name = BetterLife2Tests;
			productName = BetterLife2Tests;
			productReference = 9E0A1CB323F41350000EE8EC /* BetterLife2Tests.xctest */;
			productType = "com.apple.product-type.bundle.unit-test";
		};
		9E0A1CBD23F41350000EE8EC /* BetterLife2UITests */ = {
			isa = PBXNativeTarget;
			buildConfigurationList = 9E0A1CCD23F41350000EE8EC /* Build configuration list for PBXNativeTarget "BetterLife2UITests" */;
			buildPhases = (
				F1108EABA6334E2535FBB4F9 /* [CP] Check Pods Manifest.lock */,
				9E0A1CBA23F41350000EE8EC /* Sources */,
				9E0A1CBB23F41350000EE8EC /* Frameworks */,
				9E0A1CBC23F41350000EE8EC /* Resources */,
				102F064B5F90BF3F1491C248 /* [CP] Embed Pods Frameworks */,
			);
			buildRules = (
			);
			dependencies = (
				9E0A1CC023F41350000EE8EC /* PBXTargetDependency */,
			);
			name = BetterLife2UITests;
			productName = BetterLife2UITests;
			productReference = 9E0A1CBE23F41350000EE8EC /* BetterLife2UITests.xctest */;
			productType = "com.apple.product-type.bundle.ui-testing";
		};
/* End PBXNativeTarget section */

/* Begin PBXProject section */
		9E0A1C9223F4134F000EE8EC /* Project object */ = {
			isa = PBXProject;
			attributes = {
				LastSwiftUpdateCheck = 1130;
				LastUpgradeCheck = 1130;
				ORGANIZATIONNAME = "Timur Karimov";
				TargetAttributes = {
					9E0A1C9923F4134F000EE8EC = {
						CreatedOnToolsVersion = 11.3.1;
					};
					9E0A1CB223F41350000EE8EC = {
						CreatedOnToolsVersion = 11.3.1;
						TestTargetID = 9E0A1C9923F4134F000EE8EC;
					};
					9E0A1CBD23F41350000EE8EC = {
						CreatedOnToolsVersion = 11.3.1;
						TestTargetID = 9E0A1C9923F4134F000EE8EC;
					};
				};
			};
			buildConfigurationList = 9E0A1C9523F4134F000EE8EC /* Build configuration list for PBXProject "BetterLife2" */;
			compatibilityVersion = "Xcode 9.3";
			developmentRegion = en;
			hasScannedForEncodings = 0;
			knownRegions = (
				en,
				Base,
			);
			mainGroup = 9E0A1C9123F4134F000EE8EC;
			productRefGroup = 9E0A1C9B23F4134F000EE8EC /* Products */;
			projectDirPath = "";
			projectRoot = "";
			targets = (
				9E0A1C9923F4134F000EE8EC /* BetterLife2 */,
				9E0A1CB223F41350000EE8EC /* BetterLife2Tests */,
				9E0A1CBD23F41350000EE8EC /* BetterLife2UITests */,
			);
		};
/* End PBXProject section */

/* Begin PBXResourcesBuildPhase section */
		9E0A1C9823F4134F000EE8EC /* Resources */ = {
			isa = PBXResourcesBuildPhase;
			buildActionMask = 2147483647;
			files = (
				9E2D571F244B077F007F69C7 /* AddTargetCell.xib in Resources */,
				9E0A1CD823F41AC0000EE8EC /* QLLifeScreen.storyboard in Resources */,
				9E0A1CEA23F42959000EE8EC /* QLCreateScreen.storyboard in Resources */,
				9E0A1CFA23FAD2AB000EE8EC /* FactorsListScreen.storyboard in Resources */,
				9E335310240FCF6A00166432 /* Main.storyboard in Resources */,
				9EEE7202241CE499007BA5AE /* SWOTCreateScreen.storyboard in Resources */,
				9E57561F243E06050066D11C /* Notes.storyboard in Resources */,
				9E711D5C2452025900153B7C /* WeeksTotal.storyboard in Resources */,
				9E575619243C94030066D11C /* WeeksList.storyboard in Resources */,
				9E92CDA82433AF690049C675 /* TargetsList.storyboard in Resources */,
				9E0A1D0623FAE4B0000EE8EC /* PlaceToVisitListScreen.storyboard in Resources */,
				9EB26ED5240AEDF9002DD6F1 /* PeopleToRemember.storyboard in Resources */,
				9E711D5E245202CB00153B7C /* QLLifeCell.xib in Resources */,
				9E0A1CAD23F41350000EE8EC /* LaunchScreen.storyboard in Resources */,
				9EF90CE6245AE52000260A45 /* DrawScreen.storyboard in Resources */,
				9E0A1CAA23F41350000EE8EC /* Assets.xcassets in Resources */,
				9EF90CD6245983F500260A45 /* WeeksStatistics.storyboard in Resources */,
				9EC1DBCA247C3C6C000CD7C0 /* InstructionScreen.storyboard in Resources */,
				9EF90CF1245B404500260A45 /* SWOTList.storyboard in Resources */,
				9E84C2FF244CC8C3005E9581 /* MainScreen.storyboard in Resources */,
			);
			runOnlyForDeploymentPostprocessing = 0;
		};
		9E0A1CB123F41350000EE8EC /* Resources */ = {
			isa = PBXResourcesBuildPhase;
			buildActionMask = 2147483647;
			files = (
			);
			runOnlyForDeploymentPostprocessing = 0;
		};
		9E0A1CBC23F41350000EE8EC /* Resources */ = {
			isa = PBXResourcesBuildPhase;
			buildActionMask = 2147483647;
			files = (
			);
			runOnlyForDeploymentPostprocessing = 0;
		};
/* End PBXResourcesBuildPhase section */

/* Begin PBXShellScriptBuildPhase section */
		102F064B5F90BF3F1491C248 /* [CP] Embed Pods Frameworks */ = {
			isa = PBXShellScriptBuildPhase;
			buildActionMask = 2147483647;
			files = (
			);
			inputFileListPaths = (
				"${PODS_ROOT}/Target Support Files/Pods-BetterLife2-BetterLife2UITests/Pods-BetterLife2-BetterLife2UITests-frameworks-${CONFIGURATION}-input-files.xcfilelist",
			);
			name = "[CP] Embed Pods Frameworks";
			outputFileListPaths = (
				"${PODS_ROOT}/Target Support Files/Pods-BetterLife2-BetterLife2UITests/Pods-BetterLife2-BetterLife2UITests-frameworks-${CONFIGURATION}-output-files.xcfilelist",
			);
			runOnlyForDeploymentPostprocessing = 0;
			shellPath = /bin/sh;
			shellScript = "\"${PODS_ROOT}/Target Support Files/Pods-BetterLife2-BetterLife2UITests/Pods-BetterLife2-BetterLife2UITests-frameworks.sh\"\n";
			showEnvVarsInLog = 0;
		};
		464BB3DD7B76F89A1E2DA86C /* [CP] Check Pods Manifest.lock */ = {
			isa = PBXShellScriptBuildPhase;
			buildActionMask = 2147483647;
			files = (
			);
			inputFileListPaths = (
			);
			inputPaths = (
				"${PODS_PODFILE_DIR_PATH}/Podfile.lock",
				"${PODS_ROOT}/Manifest.lock",
			);
			name = "[CP] Check Pods Manifest.lock";
			outputFileListPaths = (
			);
			outputPaths = (
				"$(DERIVED_FILE_DIR)/Pods-BetterLife2Tests-checkManifestLockResult.txt",
			);
			runOnlyForDeploymentPostprocessing = 0;
			shellPath = /bin/sh;
			shellScript = "diff \"${PODS_PODFILE_DIR_PATH}/Podfile.lock\" \"${PODS_ROOT}/Manifest.lock\" > /dev/null\nif [ $? != 0 ] ; then\n    # print error to STDERR\n    echo \"error: The sandbox is not in sync with the Podfile.lock. Run 'pod install' or update your CocoaPods installation.\" >&2\n    exit 1\nfi\n# This output is used by Xcode 'outputs' to avoid re-running this script phase.\necho \"SUCCESS\" > \"${SCRIPT_OUTPUT_FILE_0}\"\n";
			showEnvVarsInLog = 0;
		};
		61DB5B01A0AD6B26A7E4F13E /* [CP] Check Pods Manifest.lock */ = {
			isa = PBXShellScriptBuildPhase;
			buildActionMask = 2147483647;
			files = (
			);
			inputFileListPaths = (
			);
			inputPaths = (
				"${PODS_PODFILE_DIR_PATH}/Podfile.lock",
				"${PODS_ROOT}/Manifest.lock",
			);
			name = "[CP] Check Pods Manifest.lock";
			outputFileListPaths = (
			);
			outputPaths = (
				"$(DERIVED_FILE_DIR)/Pods-BetterLife2-checkManifestLockResult.txt",
			);
			runOnlyForDeploymentPostprocessing = 0;
			shellPath = /bin/sh;
			shellScript = "diff \"${PODS_PODFILE_DIR_PATH}/Podfile.lock\" \"${PODS_ROOT}/Manifest.lock\" > /dev/null\nif [ $? != 0 ] ; then\n    # print error to STDERR\n    echo \"error: The sandbox is not in sync with the Podfile.lock. Run 'pod install' or update your CocoaPods installation.\" >&2\n    exit 1\nfi\n# This output is used by Xcode 'outputs' to avoid re-running this script phase.\necho \"SUCCESS\" > \"${SCRIPT_OUTPUT_FILE_0}\"\n";
			showEnvVarsInLog = 0;
		};
		B0780BCC8002E68E54BF44FF /* [CP] Embed Pods Frameworks */ = {
			isa = PBXShellScriptBuildPhase;
			buildActionMask = 2147483647;
			files = (
			);
			inputFileListPaths = (
				"${PODS_ROOT}/Target Support Files/Pods-BetterLife2/Pods-BetterLife2-frameworks-${CONFIGURATION}-input-files.xcfilelist",
			);
			name = "[CP] Embed Pods Frameworks";
			outputFileListPaths = (
				"${PODS_ROOT}/Target Support Files/Pods-BetterLife2/Pods-BetterLife2-frameworks-${CONFIGURATION}-output-files.xcfilelist",
			);
			runOnlyForDeploymentPostprocessing = 0;
			shellPath = /bin/sh;
			shellScript = "\"${PODS_ROOT}/Target Support Files/Pods-BetterLife2/Pods-BetterLife2-frameworks.sh\"\n";
			showEnvVarsInLog = 0;
		};
		F1108EABA6334E2535FBB4F9 /* [CP] Check Pods Manifest.lock */ = {
			isa = PBXShellScriptBuildPhase;
			buildActionMask = 2147483647;
			files = (
			);
			inputFileListPaths = (
			);
			inputPaths = (
				"${PODS_PODFILE_DIR_PATH}/Podfile.lock",
				"${PODS_ROOT}/Manifest.lock",
			);
			name = "[CP] Check Pods Manifest.lock";
			outputFileListPaths = (
			);
			outputPaths = (
				"$(DERIVED_FILE_DIR)/Pods-BetterLife2-BetterLife2UITests-checkManifestLockResult.txt",
			);
			runOnlyForDeploymentPostprocessing = 0;
			shellPath = /bin/sh;
			shellScript = "diff \"${PODS_PODFILE_DIR_PATH}/Podfile.lock\" \"${PODS_ROOT}/Manifest.lock\" > /dev/null\nif [ $? != 0 ] ; then\n    # print error to STDERR\n    echo \"error: The sandbox is not in sync with the Podfile.lock. Run 'pod install' or update your CocoaPods installation.\" >&2\n    exit 1\nfi\n# This output is used by Xcode 'outputs' to avoid re-running this script phase.\necho \"SUCCESS\" > \"${SCRIPT_OUTPUT_FILE_0}\"\n";
			showEnvVarsInLog = 0;
		};
/* End PBXShellScriptBuildPhase section */

/* Begin PBXSourcesBuildPhase section */
		9E0A1C9623F4134F000EE8EC /* Sources */ = {
			isa = PBXSourcesBuildPhase;
			buildActionMask = 2147483647;
			files = (
				9E575613243C91EF0066D11C /* WeeksListPresenter.swift in Sources */,
				9E0A1CE023F4249C000EE8EC /* QLLifeCell.swift in Sources */,
				9E0A9B722440BE6400CA9C3E /* NotesViewController.swift in Sources */,
				9E711D602452032E00153B7C /* WeeksTotalViewController.swift in Sources */,
				9EC1DBCE247ED1D0000CD7C0 /* InstructionAssembler.swift in Sources */,
				9EF90CF7245B43A700260A45 /* SWOTListRouter.swift in Sources */,
				9E711D66245203C100153B7C /* WeeksTotalAssembler.swift in Sources */,
				9EEE721C241D09FC007BA5AE /* SWOTCreatePresenter.swift in Sources */,
				9EF90CD82459840B00260A45 /* WeeksStatisticsViewController.swift in Sources */,
				9EC1DBC8247C3C59000CD7C0 /* InstructionViewController.swift in Sources */,
				9EB26ED7240AEE9B002DD6F1 /* PeopleToRememberPresenter.swift in Sources */,
				9EEE7210241CE8EF007BA5AE /* TextFieldItem.swift in Sources */,
				9E0A1D0023FAD420000EE8EC /* FactorsListAssembler.swift in Sources */,
				9E711D6A2452074900153B7C /* WeeksListCell.swift in Sources */,
				9E711D6C24520BC100153B7C /* MarkThisWeekCell.swift in Sources */,
				9EF90CFD245B449A00260A45 /* SWOTCharacteristicCell.swift in Sources */,
				9E92CDAC2433B8070049C675 /* AddTargetCell.swift in Sources */,
				9EB52C202434773F0077B23D /* DateItemGenerator.swift in Sources */,
				9E0A1CEC23F42991000EE8EC /* QLCreateAssembler.swift in Sources */,
				9EF90CDF2459861600260A45 /* WeeksStatisticsAssembler.swift in Sources */,
				9E0A1D0D23FAEA50000EE8EC /* PlaceToVisitListAssembler.swift in Sources */,
				9E0A1D0B23FAE515000EE8EC /* PlaceToVisitListRouter.swift in Sources */,
				9E0ECAED23FEE35700801AC2 /* QLListViewController.swift in Sources */,
				9E0A1CFE23FAD389000EE8EC /* FactorsListRouter.swift in Sources */,
				9EEE7212241CE9EC007BA5AE /* ComponentCell.swift in Sources */,
				9E5CABD2240BCB8300D9E204 /* UserDefaultsWrapper.swift in Sources */,
				9EEE7206241CE7E6007BA5AE /* SWOTTextFieldCell.swift in Sources */,
				9E0A1CDE23F41D48000EE8EC /* QLListRouter.swift in Sources */,
				9E711D6E24521A1700153B7C /* WeekItem.swift in Sources */,
				9E2D571D244AFAC3007F69C7 /* UIKitExtension.swift in Sources */,
				9E0A1D0423FAE4A8000EE8EC /* PlaceToVisitListViewController.swift in Sources */,
				9EF90CEC245B39CD00260A45 /* Defaults.swift in Sources */,
				9E0A1CA823F4134F000EE8EC /* BetterLife2.xcdatamodeld in Sources */,
				9EEE71F8241BB551007BA5AE /* EmotionType.swift in Sources */,
				9E7F1E4F2433C45F0084F244 /* TargetsListUIMapper.swift in Sources */,
				9EEE71FC241BC14E007BA5AE /* FactorItem.swift in Sources */,
				9EEE720E241CE8CF007BA5AE /* HeaderItem.swift in Sources */,
				9EEE721E241D0A0A007BA5AE /* SWOTCreateRouter.swift in Sources */,
				9E0A1CDC23F41C81000EE8EC /* QLListPresenter.swift in Sources */,
				9EEE7218241D08AD007BA5AE /* SWOTUIMapper.swift in Sources */,
				9E575615243C92B80066D11C /* WeeksListRouter.swift in Sources */,
				9EEE71FA241BB5AF007BA5AE /* PositionType.swift in Sources */,
				9E711D642452036300153B7C /* WeeksTotalPresenter.swift in Sources */,
				9E0A1D0923FAE508000EE8EC /* PlaceToVisitListPresenter.swift in Sources */,
				9E92CDB42433B9430049C675 /* TargetsListRouter.swift in Sources */,
				9EF90CF3245B404E00260A45 /* SWOTListViewController.swift in Sources */,
				9E84C2FB244CB980005E9581 /* MainScreenRouter.swift in Sources */,
				9EB52C22243493080077B23D /* FoundationExtension.swift in Sources */,
				9EEE7208241CE7F4007BA5AE /* SWOTCreateButtonCell.swift in Sources */,
				9EEE721A241D0919007BA5AE /* BaseUIMapper.swift in Sources */,
				9E5CABCE240BC8F600D9E204 /* PersonItem.swift in Sources */,
				9E2D571B244AF7C5007F69C7 /* NoQLCell.swift in Sources */,
				9EB26EDB240AEEAC002DD6F1 /* PeopleToRememberRouter.swift in Sources */,
				9E0A1CE223F42513000EE8EC /* QLItem.swift in Sources */,
				9E0A9B742440BF7500CA9C3E /* NotesPresenter.swift in Sources */,
				9E711D572451FED600153B7C /* NoFactorsCell.swift in Sources */,
				9E0A1CF323FAC55F000EE8EC /* QLCreateRouter.swift in Sources */,
				9EF90CE4245AE50E00260A45 /* DrawViewController.swift in Sources */,
				9EB52C1A24346F3A0077B23D /* DateType.swift in Sources */,
				9EEE7220241D0ED3007BA5AE /* SWOTCreateAssembler.swift in Sources */,
				9EB26ED9240AEEA4002DD6F1 /* PeopleToRememberInteractor.swift in Sources */,
				9E92CDAE2433B8220049C675 /* TargetItem.swift in Sources */,
				9EF90CEA245AFE2B00260A45 /* SWOTCharacteristic.swift in Sources */,
				9E575610243C917B0066D11C /* WeeksListViewController.swift in Sources */,
				9EB26EDF240AF3C4002DD6F1 /* CityItem.swift in Sources */,
				9E5CABD4240BCDB700D9E204 /* CoreDataWrapper.swift in Sources */,
				9E575617243C93470066D11C /* WeeksListAssembler.swift in Sources */,
				9E84C2FD244CBBAE005E9581 /* MainScreenAssembler.swift in Sources */,
				9EF90CDB245985A500260A45 /* WeeksStatisticsPresenter.swift in Sources */,
				9E0A1CE423F425CB000EE8EC /* QLLifeCategory.swift in Sources */,
				9EEE7200241CE48D007BA5AE /* SWOTCreateViewController.swift in Sources */,
				9E0A9B762440BFE100CA9C3E /* NotesAssembler.swift in Sources */,
				9EEE720A241CE89D007BA5AE /* SWOTStepperCell.swift in Sources */,
				9E84C2F6244CB948005E9581 /* MainScreenViewController.swift in Sources */,
				9E92CDB02433B9240049C675 /* TargetsListPresenter.swift in Sources */,
				9EB26ED3240AEDE6002DD6F1 /* PeopleToRememberViewController.swift in Sources */,
				9EB52C1C24346FA70077B23D /* TargetsListAssembler.swift in Sources */,
				9E0A1CF823FAD298000EE8EC /* FactorsListViewController.swift in Sources */,
				9E0A1CF123FAC553000EE8EC /* QLCreatePresenter.swift in Sources */,
				9EEE7204241CE7CF007BA5AE /* SWOTHeaderCell.swift in Sources */,
				9EF90CFB245B444F00260A45 /* SWOTListCell.swift in Sources */,
				9E0A1CFC23FAD2DA000EE8EC /* FactorsListPresenter.swift in Sources */,
				9EF90CDD245985AB00260A45 /* WeeksStatisticsRouter.swift in Sources */,
				9E5CABD6240BD73500D9E204 /* ItemsType.swift in Sources */,
				9E0A1CE823F428A4000EE8EC /* QLCreateViewController.swift in Sources */,
				9EF90CE8245AFB0E00260A45 /* SWOTItem.swift in Sources */,
				9E0A1CD123F41562000EE8EC /* MainTabBarViewController.swift in Sources */,
				9E711D622452033D00153B7C /* WeeksTotalRouter.swift in Sources */,
				9E84C2F9244CB964005E9581 /* MainScreenPresenter.swift in Sources */,
				9EF90CF9245B43C700260A45 /* SWOTListAssembler.swift in Sources */,
				9EC1DBCC247ED192000CD7C0 /* InstructionLastViewController.swift in Sources */,
				9EB52C1E243472190077B23D /* DateItem.swift in Sources */,
				9EB26EDD240AF027002DD6F1 /* PeopleToRememberAssembler.swift in Sources */,
				9E0A1CDA23F41AE2000EE8EC /* QLListAssembler.swift in Sources */,
				9E0A1C9E23F4134F000EE8EC /* AppDelegate.swift in Sources */,
				9EB26EE1240AF698002DD6F1 /* ActionType.swift in Sources */,
				9E711D682452057800153B7C /* HotCode.swift in Sources */,
				9E92CDAA2433AF850049C675 /* TargetsListViewController.swift in Sources */,
				9EF90CF5245B438B00260A45 /* SWOTListPresenter.swift in Sources */,
			);
			runOnlyForDeploymentPostprocessing = 0;
		};
		9E0A1CAF23F41350000EE8EC /* Sources */ = {
			isa = PBXSourcesBuildPhase;
			buildActionMask = 2147483647;
			files = (
				9E0A1CB823F41350000EE8EC /* BetterLife2Tests.swift in Sources */,
			);
			runOnlyForDeploymentPostprocessing = 0;
		};
		9E0A1CBA23F41350000EE8EC /* Sources */ = {
			isa = PBXSourcesBuildPhase;
			buildActionMask = 2147483647;
			files = (
				9E0A1CC323F41350000EE8EC /* BetterLife2UITests.swift in Sources */,
			);
			runOnlyForDeploymentPostprocessing = 0;
		};
/* End PBXSourcesBuildPhase section */

/* Begin PBXTargetDependency section */
		9E0A1CB523F41350000EE8EC /* PBXTargetDependency */ = {
			isa = PBXTargetDependency;
			target = 9E0A1C9923F4134F000EE8EC /* BetterLife2 */;
			targetProxy = 9E0A1CB423F41350000EE8EC /* PBXContainerItemProxy */;
		};
		9E0A1CC023F41350000EE8EC /* PBXTargetDependency */ = {
			isa = PBXTargetDependency;
			target = 9E0A1C9923F4134F000EE8EC /* BetterLife2 */;
			targetProxy = 9E0A1CBF23F41350000EE8EC /* PBXContainerItemProxy */;
		};
/* End PBXTargetDependency section */

/* Begin PBXVariantGroup section */
		9E0A1CAB23F41350000EE8EC /* LaunchScreen.storyboard */ = {
			isa = PBXVariantGroup;
			children = (
				9E0A1CAC23F41350000EE8EC /* Base */,
			);
			name = LaunchScreen.storyboard;
			sourceTree = "<group>";
		};
/* End PBXVariantGroup section */

/* Begin XCBuildConfiguration section */
		9E0A1CC523F41350000EE8EC /* Debug */ = {
			isa = XCBuildConfiguration;
			buildSettings = {
				ALWAYS_SEARCH_USER_PATHS = NO;
				CLANG_ANALYZER_NONNULL = YES;
				CLANG_ANALYZER_NUMBER_OBJECT_CONVERSION = YES_AGGRESSIVE;
				CLANG_CXX_LANGUAGE_STANDARD = "gnu++14";
				CLANG_CXX_LIBRARY = "libc++";
				CLANG_ENABLE_MODULES = YES;
				CLANG_ENABLE_OBJC_ARC = YES;
				CLANG_ENABLE_OBJC_WEAK = YES;
				CLANG_WARN_BLOCK_CAPTURE_AUTORELEASING = YES;
				CLANG_WARN_BOOL_CONVERSION = YES;
				CLANG_WARN_COMMA = YES;
				CLANG_WARN_CONSTANT_CONVERSION = YES;
				CLANG_WARN_DEPRECATED_OBJC_IMPLEMENTATIONS = YES;
				CLANG_WARN_DIRECT_OBJC_ISA_USAGE = YES_ERROR;
				CLANG_WARN_DOCUMENTATION_COMMENTS = YES;
				CLANG_WARN_EMPTY_BODY = YES;
				CLANG_WARN_ENUM_CONVERSION = YES;
				CLANG_WARN_INFINITE_RECURSION = YES;
				CLANG_WARN_INT_CONVERSION = YES;
				CLANG_WARN_NON_LITERAL_NULL_CONVERSION = YES;
				CLANG_WARN_OBJC_IMPLICIT_RETAIN_SELF = YES;
				CLANG_WARN_OBJC_LITERAL_CONVERSION = YES;
				CLANG_WARN_OBJC_ROOT_CLASS = YES_ERROR;
				CLANG_WARN_RANGE_LOOP_ANALYSIS = YES;
				CLANG_WARN_STRICT_PROTOTYPES = YES;
				CLANG_WARN_SUSPICIOUS_MOVE = YES;
				CLANG_WARN_UNGUARDED_AVAILABILITY = YES_AGGRESSIVE;
				CLANG_WARN_UNREACHABLE_CODE = YES;
				CLANG_WARN__DUPLICATE_METHOD_MATCH = YES;
				COPY_PHASE_STRIP = NO;
				DEBUG_INFORMATION_FORMAT = dwarf;
				ENABLE_STRICT_OBJC_MSGSEND = YES;
				ENABLE_TESTABILITY = YES;
				GCC_C_LANGUAGE_STANDARD = gnu11;
				GCC_DYNAMIC_NO_PIC = NO;
				GCC_NO_COMMON_BLOCKS = YES;
				GCC_OPTIMIZATION_LEVEL = 0;
				GCC_PREPROCESSOR_DEFINITIONS = (
					"DEBUG=1",
					"$(inherited)",
				);
				GCC_WARN_64_TO_32_BIT_CONVERSION = YES;
				GCC_WARN_ABOUT_RETURN_TYPE = YES_ERROR;
				GCC_WARN_UNDECLARED_SELECTOR = YES;
				GCC_WARN_UNINITIALIZED_AUTOS = YES_AGGRESSIVE;
				GCC_WARN_UNUSED_FUNCTION = YES;
				GCC_WARN_UNUSED_VARIABLE = YES;
				IPHONEOS_DEPLOYMENT_TARGET = 13.2;
				MTL_ENABLE_DEBUG_INFO = INCLUDE_SOURCE;
				MTL_FAST_MATH = YES;
				ONLY_ACTIVE_ARCH = YES;
				SDKROOT = iphoneos;
				SWIFT_ACTIVE_COMPILATION_CONDITIONS = DEBUG;
				SWIFT_OPTIMIZATION_LEVEL = "-Onone";
			};
			name = Debug;
		};
		9E0A1CC623F41350000EE8EC /* Release */ = {
			isa = XCBuildConfiguration;
			buildSettings = {
				ALWAYS_SEARCH_USER_PATHS = NO;
				CLANG_ANALYZER_NONNULL = YES;
				CLANG_ANALYZER_NUMBER_OBJECT_CONVERSION = YES_AGGRESSIVE;
				CLANG_CXX_LANGUAGE_STANDARD = "gnu++14";
				CLANG_CXX_LIBRARY = "libc++";
				CLANG_ENABLE_MODULES = YES;
				CLANG_ENABLE_OBJC_ARC = YES;
				CLANG_ENABLE_OBJC_WEAK = YES;
				CLANG_WARN_BLOCK_CAPTURE_AUTORELEASING = YES;
				CLANG_WARN_BOOL_CONVERSION = YES;
				CLANG_WARN_COMMA = YES;
				CLANG_WARN_CONSTANT_CONVERSION = YES;
				CLANG_WARN_DEPRECATED_OBJC_IMPLEMENTATIONS = YES;
				CLANG_WARN_DIRECT_OBJC_ISA_USAGE = YES_ERROR;
				CLANG_WARN_DOCUMENTATION_COMMENTS = YES;
				CLANG_WARN_EMPTY_BODY = YES;
				CLANG_WARN_ENUM_CONVERSION = YES;
				CLANG_WARN_INFINITE_RECURSION = YES;
				CLANG_WARN_INT_CONVERSION = YES;
				CLANG_WARN_NON_LITERAL_NULL_CONVERSION = YES;
				CLANG_WARN_OBJC_IMPLICIT_RETAIN_SELF = YES;
				CLANG_WARN_OBJC_LITERAL_CONVERSION = YES;
				CLANG_WARN_OBJC_ROOT_CLASS = YES_ERROR;
				CLANG_WARN_RANGE_LOOP_ANALYSIS = YES;
				CLANG_WARN_STRICT_PROTOTYPES = YES;
				CLANG_WARN_SUSPICIOUS_MOVE = YES;
				CLANG_WARN_UNGUARDED_AVAILABILITY = YES_AGGRESSIVE;
				CLANG_WARN_UNREACHABLE_CODE = YES;
				CLANG_WARN__DUPLICATE_METHOD_MATCH = YES;
				COPY_PHASE_STRIP = NO;
				DEBUG_INFORMATION_FORMAT = "dwarf-with-dsym";
				ENABLE_NS_ASSERTIONS = NO;
				ENABLE_STRICT_OBJC_MSGSEND = YES;
				GCC_C_LANGUAGE_STANDARD = gnu11;
				GCC_NO_COMMON_BLOCKS = YES;
				GCC_WARN_64_TO_32_BIT_CONVERSION = YES;
				GCC_WARN_ABOUT_RETURN_TYPE = YES_ERROR;
				GCC_WARN_UNDECLARED_SELECTOR = YES;
				GCC_WARN_UNINITIALIZED_AUTOS = YES_AGGRESSIVE;
				GCC_WARN_UNUSED_FUNCTION = YES;
				GCC_WARN_UNUSED_VARIABLE = YES;
				IPHONEOS_DEPLOYMENT_TARGET = 13.2;
				MTL_ENABLE_DEBUG_INFO = NO;
				MTL_FAST_MATH = YES;
				SDKROOT = iphoneos;
				SWIFT_COMPILATION_MODE = wholemodule;
				SWIFT_OPTIMIZATION_LEVEL = "-O";
				VALIDATE_PRODUCT = YES;
			};
			name = Release;
		};
		9E0A1CC823F41350000EE8EC /* Debug */ = {
			isa = XCBuildConfiguration;
			baseConfigurationReference = F6BD333CB61BEBD5F610ABD1 /* Pods-BetterLife2.debug.xcconfig */;
			buildSettings = {
				ASSETCATALOG_COMPILER_APPICON_NAME = AppIcon;
				CODE_SIGN_STYLE = Automatic;
				DEVELOPMENT_TEAM = SGHBY4V639;
				INFOPLIST_FILE = BetterLife2/Info.plist;
				IPHONEOS_DEPLOYMENT_TARGET = 12.4;
				LD_RUNPATH_SEARCH_PATHS = (
					"$(inherited)",
					"@executable_path/Frameworks",
				);
				PRODUCT_BUNDLE_IDENTIFIER = TimurKarimov.BetterLife2;
				PRODUCT_NAME = "$(TARGET_NAME)";
				SWIFT_VERSION = 5.0;
				TARGETED_DEVICE_FAMILY = 1;
			};
			name = Debug;
		};
		9E0A1CC923F41350000EE8EC /* Release */ = {
			isa = XCBuildConfiguration;
			baseConfigurationReference = AF32CE85FA0C3E4B59F096A8 /* Pods-BetterLife2.release.xcconfig */;
			buildSettings = {
				ASSETCATALOG_COMPILER_APPICON_NAME = AppIcon;
				CODE_SIGN_STYLE = Automatic;
				DEVELOPMENT_TEAM = SGHBY4V639;
				INFOPLIST_FILE = BetterLife2/Info.plist;
				IPHONEOS_DEPLOYMENT_TARGET = 12.4;
				LD_RUNPATH_SEARCH_PATHS = (
					"$(inherited)",
					"@executable_path/Frameworks",
				);
				PRODUCT_BUNDLE_IDENTIFIER = TimurKarimov.BetterLife2;
				PRODUCT_NAME = "$(TARGET_NAME)";
				SWIFT_VERSION = 5.0;
				TARGETED_DEVICE_FAMILY = 1;
			};
			name = Release;
		};
		9E0A1CCB23F41350000EE8EC /* Debug */ = {
			isa = XCBuildConfiguration;
			baseConfigurationReference = B06D3A14959A7D37CCB0AFA2 /* Pods-BetterLife2Tests.debug.xcconfig */;
			buildSettings = {
				ALWAYS_EMBED_SWIFT_STANDARD_LIBRARIES = YES;
				BUNDLE_LOADER = "$(TEST_HOST)";
				CODE_SIGN_STYLE = Automatic;
				DEVELOPMENT_TEAM = SGHBY4V639;
				INFOPLIST_FILE = BetterLife2Tests/Info.plist;
				IPHONEOS_DEPLOYMENT_TARGET = 13.2;
				LD_RUNPATH_SEARCH_PATHS = (
					"$(inherited)",
					"@executable_path/Frameworks",
					"@loader_path/Frameworks",
				);
				PRODUCT_BUNDLE_IDENTIFIER = TimurKarimov.BetterLife2Tests;
				PRODUCT_NAME = "$(TARGET_NAME)";
				SWIFT_VERSION = 5.0;
				TARGETED_DEVICE_FAMILY = "1,2";
				TEST_HOST = "$(BUILT_PRODUCTS_DIR)/BetterLife2.app/BetterLife2";
			};
			name = Debug;
		};
		9E0A1CCC23F41350000EE8EC /* Release */ = {
			isa = XCBuildConfiguration;
			baseConfigurationReference = F4ECB0FE680A7224EA349138 /* Pods-BetterLife2Tests.release.xcconfig */;
			buildSettings = {
				ALWAYS_EMBED_SWIFT_STANDARD_LIBRARIES = YES;
				BUNDLE_LOADER = "$(TEST_HOST)";
				CODE_SIGN_STYLE = Automatic;
				DEVELOPMENT_TEAM = SGHBY4V639;
				INFOPLIST_FILE = BetterLife2Tests/Info.plist;
				IPHONEOS_DEPLOYMENT_TARGET = 13.2;
				LD_RUNPATH_SEARCH_PATHS = (
					"$(inherited)",
					"@executable_path/Frameworks",
					"@loader_path/Frameworks",
				);
				PRODUCT_BUNDLE_IDENTIFIER = TimurKarimov.BetterLife2Tests;
				PRODUCT_NAME = "$(TARGET_NAME)";
				SWIFT_VERSION = 5.0;
				TARGETED_DEVICE_FAMILY = "1,2";
				TEST_HOST = "$(BUILT_PRODUCTS_DIR)/BetterLife2.app/BetterLife2";
			};
			name = Release;
		};
		9E0A1CCE23F41350000EE8EC /* Debug */ = {
			isa = XCBuildConfiguration;
			baseConfigurationReference = AB483745DBBA1E3414DE165E /* Pods-BetterLife2-BetterLife2UITests.debug.xcconfig */;
			buildSettings = {
				ALWAYS_EMBED_SWIFT_STANDARD_LIBRARIES = YES;
				CODE_SIGN_STYLE = Automatic;
				DEVELOPMENT_TEAM = SGHBY4V639;
				INFOPLIST_FILE = BetterLife2UITests/Info.plist;
				LD_RUNPATH_SEARCH_PATHS = (
					"$(inherited)",
					"@executable_path/Frameworks",
					"@loader_path/Frameworks",
				);
				PRODUCT_BUNDLE_IDENTIFIER = TimurKarimov.BetterLife2UITests;
				PRODUCT_NAME = "$(TARGET_NAME)";
				SWIFT_VERSION = 5.0;
				TARGETED_DEVICE_FAMILY = "1,2";
				TEST_TARGET_NAME = BetterLife2;
			};
			name = Debug;
		};
		9E0A1CCF23F41350000EE8EC /* Release */ = {
			isa = XCBuildConfiguration;
			baseConfigurationReference = 8F34FF0EA7458E4CD58B49D3 /* Pods-BetterLife2-BetterLife2UITests.release.xcconfig */;
			buildSettings = {
				ALWAYS_EMBED_SWIFT_STANDARD_LIBRARIES = YES;
				CODE_SIGN_STYLE = Automatic;
				DEVELOPMENT_TEAM = SGHBY4V639;
				INFOPLIST_FILE = BetterLife2UITests/Info.plist;
				LD_RUNPATH_SEARCH_PATHS = (
					"$(inherited)",
					"@executable_path/Frameworks",
					"@loader_path/Frameworks",
				);
				PRODUCT_BUNDLE_IDENTIFIER = TimurKarimov.BetterLife2UITests;
				PRODUCT_NAME = "$(TARGET_NAME)";
				SWIFT_VERSION = 5.0;
				TARGETED_DEVICE_FAMILY = "1,2";
				TEST_TARGET_NAME = BetterLife2;
			};
			name = Release;
		};
/* End XCBuildConfiguration section */

/* Begin XCConfigurationList section */
		9E0A1C9523F4134F000EE8EC /* Build configuration list for PBXProject "BetterLife2" */ = {
			isa = XCConfigurationList;
			buildConfigurations = (
				9E0A1CC523F41350000EE8EC /* Debug */,
				9E0A1CC623F41350000EE8EC /* Release */,
			);
			defaultConfigurationIsVisible = 0;
			defaultConfigurationName = Release;
		};
		9E0A1CC723F41350000EE8EC /* Build configuration list for PBXNativeTarget "BetterLife2" */ = {
			isa = XCConfigurationList;
			buildConfigurations = (
				9E0A1CC823F41350000EE8EC /* Debug */,
				9E0A1CC923F41350000EE8EC /* Release */,
			);
			defaultConfigurationIsVisible = 0;
			defaultConfigurationName = Release;
		};
		9E0A1CCA23F41350000EE8EC /* Build configuration list for PBXNativeTarget "BetterLife2Tests" */ = {
			isa = XCConfigurationList;
			buildConfigurations = (
				9E0A1CCB23F41350000EE8EC /* Debug */,
				9E0A1CCC23F41350000EE8EC /* Release */,
			);
			defaultConfigurationIsVisible = 0;
			defaultConfigurationName = Release;
		};
		9E0A1CCD23F41350000EE8EC /* Build configuration list for PBXNativeTarget "BetterLife2UITests" */ = {
			isa = XCConfigurationList;
			buildConfigurations = (
				9E0A1CCE23F41350000EE8EC /* Debug */,
				9E0A1CCF23F41350000EE8EC /* Release */,
			);
			defaultConfigurationIsVisible = 0;
			defaultConfigurationName = Release;
		};
/* End XCConfigurationList section */

/* Begin XCVersionGroup section */
		9E0A1CA623F4134F000EE8EC /* BetterLife2.xcdatamodeld */ = {
			isa = XCVersionGroup;
			children = (
				9E0A1CA723F4134F000EE8EC /* BetterLife2.xcdatamodel */,
			);
			currentVersion = 9E0A1CA723F4134F000EE8EC /* BetterLife2.xcdatamodel */;
			path = BetterLife2.xcdatamodeld;
			sourceTree = "<group>";
			versionGroupType = wrapper.xcdatamodel;
		};
/* End XCVersionGroup section */
	};
	rootObject = 9E0A1C9223F4134F000EE8EC /* Project object */;
}
